// !$*UTF8*$!
{
	archiveVersion = 1;
	classes = {
	};
	objectVersion = 46;
	objects = {

/* Begin PBXAggregateTarget section */
		"Interplate::InterplatePackageTests::ProductTarget" /* InterplatePackageTests */ = {
			isa = PBXAggregateTarget;
			buildConfigurationList = OBJ_129 /* Build configuration list for PBXAggregateTarget "InterplatePackageTests" */;
			buildPhases = (
			);
			dependencies = (
				OBJ_132 /* PBXTargetDependency */,
			);
			name = InterplatePackageTests;
			productName = InterplatePackageTests;
		};
/* End PBXAggregateTarget section */

/* Begin PBXBuildFile section */
		OBJ_106 /* Format.swift in Sources */ = {isa = PBXBuildFile; fileRef = OBJ_9 /* Format.swift */; };
		OBJ_107 /* Parser.swift in Sources */ = {isa = PBXBuildFile; fileRef = OBJ_10 /* Parser.swift */; };
		OBJ_108 /* PartialIso.swift in Sources */ = {isa = PBXBuildFile; fileRef = OBJ_11 /* PartialIso.swift */; };
		OBJ_109 /* StringFormat.swift in Sources */ = {isa = PBXBuildFile; fileRef = OBJ_12 /* StringFormat.swift */; };
		OBJ_110 /* Template.swift in Sources */ = {isa = PBXBuildFile; fileRef = OBJ_13 /* Template.swift */; };
		OBJ_111 /* URLFormat.swift in Sources */ = {isa = PBXBuildFile; fileRef = OBJ_14 /* URLFormat.swift */; };
		OBJ_113 /* Prelude.framework in Frameworks */ = {isa = PBXBuildFile; fileRef = "Prelude::Prelude::Product" /* Prelude.framework */; };
		OBJ_114 /* Tagged.framework in Frameworks */ = {isa = PBXBuildFile; fileRef = "Tagged::Tagged::Product" /* Tagged.framework */; };
		OBJ_115 /* NonEmpty.framework in Frameworks */ = {isa = PBXBuildFile; fileRef = "NonEmpty::NonEmpty::Product" /* NonEmpty.framework */; };
		OBJ_127 /* Package.swift in Sources */ = {isa = PBXBuildFile; fileRef = OBJ_6 /* Package.swift */; };
		OBJ_138 /* InterplateTests.swift in Sources */ = {isa = PBXBuildFile; fileRef = OBJ_17 /* InterplateTests.swift */; };
		OBJ_139 /* XCTestManifests.swift in Sources */ = {isa = PBXBuildFile; fileRef = OBJ_18 /* XCTestManifests.swift */; };
		OBJ_141 /* Interplate.framework in Frameworks */ = {isa = PBXBuildFile; fileRef = "Interplate::Interplate::Product" /* Interplate.framework */; };
		OBJ_142 /* Prelude.framework in Frameworks */ = {isa = PBXBuildFile; fileRef = "Prelude::Prelude::Product" /* Prelude.framework */; };
		OBJ_143 /* Tagged.framework in Frameworks */ = {isa = PBXBuildFile; fileRef = "Tagged::Tagged::Product" /* Tagged.framework */; };
		OBJ_144 /* NonEmpty.framework in Frameworks */ = {isa = PBXBuildFile; fileRef = "NonEmpty::NonEmpty::Product" /* NonEmpty.framework */; };
		OBJ_153 /* NonEmpty+Array.swift in Sources */ = {isa = PBXBuildFile; fileRef = OBJ_79 /* NonEmpty+Array.swift */; };
		OBJ_154 /* NonEmpty+BidirectionalCollection.swift in Sources */ = {isa = PBXBuildFile; fileRef = OBJ_80 /* NonEmpty+BidirectionalCollection.swift */; };
		OBJ_155 /* NonEmpty+Codable.swift in Sources */ = {isa = PBXBuildFile; fileRef = OBJ_81 /* NonEmpty+Codable.swift */; };
		OBJ_156 /* NonEmpty+Collection.swift in Sources */ = {isa = PBXBuildFile; fileRef = OBJ_82 /* NonEmpty+Collection.swift */; };
		OBJ_157 /* NonEmpty+Comparable.swift in Sources */ = {isa = PBXBuildFile; fileRef = OBJ_83 /* NonEmpty+Comparable.swift */; };
		OBJ_158 /* NonEmpty+Dictionary.swift in Sources */ = {isa = PBXBuildFile; fileRef = OBJ_84 /* NonEmpty+Dictionary.swift */; };
		OBJ_159 /* NonEmpty+Equatable.swift in Sources */ = {isa = PBXBuildFile; fileRef = OBJ_85 /* NonEmpty+Equatable.swift */; };
		OBJ_160 /* NonEmpty+Hashable.swift in Sources */ = {isa = PBXBuildFile; fileRef = OBJ_86 /* NonEmpty+Hashable.swift */; };
		OBJ_161 /* NonEmpty+MutableCollection.swift in Sources */ = {isa = PBXBuildFile; fileRef = OBJ_87 /* NonEmpty+MutableCollection.swift */; };
		OBJ_162 /* NonEmpty+Random.swift in Sources */ = {isa = PBXBuildFile; fileRef = OBJ_88 /* NonEmpty+Random.swift */; };
		OBJ_163 /* NonEmpty+RandomAccessCollection.swift in Sources */ = {isa = PBXBuildFile; fileRef = OBJ_89 /* NonEmpty+RandomAccessCollection.swift */; };
		OBJ_164 /* NonEmpty+RangeReplaceableCollection.swift in Sources */ = {isa = PBXBuildFile; fileRef = OBJ_90 /* NonEmpty+RangeReplaceableCollection.swift */; };
		OBJ_165 /* NonEmpty+SetAlgebra.swift in Sources */ = {isa = PBXBuildFile; fileRef = OBJ_91 /* NonEmpty+SetAlgebra.swift */; };
		OBJ_166 /* NonEmpty+String.swift in Sources */ = {isa = PBXBuildFile; fileRef = OBJ_92 /* NonEmpty+String.swift */; };
		OBJ_167 /* NonEmpty.swift in Sources */ = {isa = PBXBuildFile; fileRef = OBJ_93 /* NonEmpty.swift */; };
		OBJ_174 /* Package.swift in Sources */ = {isa = PBXBuildFile; fileRef = OBJ_94 /* Package.swift */; };
		OBJ_179 /* Alt.swift in Sources */ = {isa = PBXBuildFile; fileRef = OBJ_27 /* Alt.swift */; };
		OBJ_180 /* Array.swift in Sources */ = {isa = PBXBuildFile; fileRef = OBJ_28 /* Array.swift */; };
		OBJ_181 /* Collection.swift in Sources */ = {isa = PBXBuildFile; fileRef = OBJ_29 /* Collection.swift */; };
		OBJ_182 /* CommutativeRing.swift in Sources */ = {isa = PBXBuildFile; fileRef = OBJ_30 /* CommutativeRing.swift */; };
		OBJ_183 /* Comparable.swift in Sources */ = {isa = PBXBuildFile; fileRef = OBJ_31 /* Comparable.swift */; };
		OBJ_184 /* Comparator.swift in Sources */ = {isa = PBXBuildFile; fileRef = OBJ_32 /* Comparator.swift */; };
		OBJ_185 /* Curry.swift in Sources */ = {isa = PBXBuildFile; fileRef = OBJ_33 /* Curry.swift */; };
		OBJ_186 /* Endo.swift in Sources */ = {isa = PBXBuildFile; fileRef = OBJ_34 /* Endo.swift */; };
		OBJ_187 /* Equatable.swift in Sources */ = {isa = PBXBuildFile; fileRef = OBJ_35 /* Equatable.swift */; };
		OBJ_188 /* EuclideanRing.swift in Sources */ = {isa = PBXBuildFile; fileRef = OBJ_36 /* EuclideanRing.swift */; };
		OBJ_189 /* Field.swift in Sources */ = {isa = PBXBuildFile; fileRef = OBJ_37 /* Field.swift */; };
		OBJ_190 /* Filterable.swift in Sources */ = {isa = PBXBuildFile; fileRef = OBJ_38 /* Filterable.swift */; };
		OBJ_191 /* FreeNearSemiring.swift in Sources */ = {isa = PBXBuildFile; fileRef = OBJ_39 /* FreeNearSemiring.swift */; };
		OBJ_192 /* Func.swift in Sources */ = {isa = PBXBuildFile; fileRef = OBJ_40 /* Func.swift */; };
		OBJ_193 /* Function.swift in Sources */ = {isa = PBXBuildFile; fileRef = OBJ_41 /* Function.swift */; };
		OBJ_194 /* HeytingAlgebra.swift in Sources */ = {isa = PBXBuildFile; fileRef = OBJ_42 /* HeytingAlgebra.swift */; };
		OBJ_195 /* Hole.swift in Sources */ = {isa = PBXBuildFile; fileRef = OBJ_43 /* Hole.swift */; };
		OBJ_196 /* IO.swift in Sources */ = {isa = PBXBuildFile; fileRef = OBJ_44 /* IO.swift */; };
		OBJ_197 /* KeyPath.swift in Sources */ = {isa = PBXBuildFile; fileRef = OBJ_45 /* KeyPath.swift */; };
		OBJ_198 /* Monoid.swift in Sources */ = {isa = PBXBuildFile; fileRef = OBJ_46 /* Monoid.swift */; };
		OBJ_199 /* NearSemiring.swift in Sources */ = {isa = PBXBuildFile; fileRef = OBJ_47 /* NearSemiring.swift */; };
		OBJ_200 /* Never.swift in Sources */ = {isa = PBXBuildFile; fileRef = OBJ_48 /* Never.swift */; };
		OBJ_201 /* NonEmpty.swift in Sources */ = {isa = PBXBuildFile; fileRef = OBJ_49 /* NonEmpty.swift */; };
		OBJ_202 /* Operators.swift in Sources */ = {isa = PBXBuildFile; fileRef = OBJ_50 /* Operators.swift */; };
		OBJ_203 /* Optional.swift in Sources */ = {isa = PBXBuildFile; fileRef = OBJ_51 /* Optional.swift */; };
		OBJ_204 /* Parallel.swift in Sources */ = {isa = PBXBuildFile; fileRef = OBJ_52 /* Parallel.swift */; };
		OBJ_205 /* Plus.swift in Sources */ = {isa = PBXBuildFile; fileRef = OBJ_53 /* Plus.swift */; };
		OBJ_206 /* PrecedenceGroups.swift in Sources */ = {isa = PBXBuildFile; fileRef = OBJ_54 /* PrecedenceGroups.swift */; };
		OBJ_207 /* Ring.swift in Sources */ = {isa = PBXBuildFile; fileRef = OBJ_55 /* Ring.swift */; };
		OBJ_208 /* Semigroup.swift in Sources */ = {isa = PBXBuildFile; fileRef = OBJ_56 /* Semigroup.swift */; };
		OBJ_209 /* Semiring.swift in Sources */ = {isa = PBXBuildFile; fileRef = OBJ_57 /* Semiring.swift */; };
		OBJ_210 /* Sequence.swift in Sources */ = {isa = PBXBuildFile; fileRef = OBJ_58 /* Sequence.swift */; };
		OBJ_211 /* Set.swift in Sources */ = {isa = PBXBuildFile; fileRef = OBJ_59 /* Set.swift */; };
		OBJ_212 /* String.swift in Sources */ = {isa = PBXBuildFile; fileRef = OBJ_60 /* String.swift */; };
		OBJ_213 /* Strong.swift in Sources */ = {isa = PBXBuildFile; fileRef = OBJ_61 /* Strong.swift */; };
		OBJ_214 /* Tagged.swift in Sources */ = {isa = PBXBuildFile; fileRef = OBJ_62 /* Tagged.swift */; };
		OBJ_215 /* Tuple.swift in Sources */ = {isa = PBXBuildFile; fileRef = OBJ_63 /* Tuple.swift */; };
		OBJ_216 /* Unit.swift in Sources */ = {isa = PBXBuildFile; fileRef = OBJ_64 /* Unit.swift */; };
		OBJ_218 /* Tagged.framework in Frameworks */ = {isa = PBXBuildFile; fileRef = "Tagged::Tagged::Product" /* Tagged.framework */; };
		OBJ_219 /* NonEmpty.framework in Frameworks */ = {isa = PBXBuildFile; fileRef = "NonEmpty::NonEmpty::Product" /* NonEmpty.framework */; };
		OBJ_227 /* Package.swift in Sources */ = {isa = PBXBuildFile; fileRef = OBJ_70 /* Package.swift */; };
		OBJ_232 /* Tagged.swift in Sources */ = {isa = PBXBuildFile; fileRef = OBJ_74 /* Tagged.swift */; };
		OBJ_239 /* Package.swift in Sources */ = {isa = PBXBuildFile; fileRef = OBJ_76 /* Package.swift */; };
/* End PBXBuildFile section */

/* Begin PBXContainerItemProxy section */
		B51CF84C22355A5800FEC269 /* PBXContainerItemProxy */ = {
			isa = PBXContainerItemProxy;
			containerPortal = OBJ_1 /* Project object */;
			proxyType = 1;
			remoteGlobalIDString = "Prelude::Prelude";
			remoteInfo = Prelude;
		};
		B51CF84D22355A5800FEC269 /* PBXContainerItemProxy */ = {
			isa = PBXContainerItemProxy;
			containerPortal = OBJ_1 /* Project object */;
			proxyType = 1;
			remoteGlobalIDString = "Tagged::Tagged";
			remoteInfo = Tagged;
		};
		B51CF84E22355A5800FEC269 /* PBXContainerItemProxy */ = {
			isa = PBXContainerItemProxy;
			containerPortal = OBJ_1 /* Project object */;
			proxyType = 1;
			remoteGlobalIDString = "NonEmpty::NonEmpty";
			remoteInfo = NonEmpty;
		};
		B51CF84F22355A5800FEC269 /* PBXContainerItemProxy */ = {
			isa = PBXContainerItemProxy;
			containerPortal = OBJ_1 /* Project object */;
			proxyType = 1;
			remoteGlobalIDString = "Tagged::Tagged";
			remoteInfo = Tagged;
		};
		B51CF85022355A5800FEC269 /* PBXContainerItemProxy */ = {
			isa = PBXContainerItemProxy;
			containerPortal = OBJ_1 /* Project object */;
			proxyType = 1;
			remoteGlobalIDString = "NonEmpty::NonEmpty";
			remoteInfo = NonEmpty;
		};
		B51CF85122355A5800FEC269 /* PBXContainerItemProxy */ = {
			isa = PBXContainerItemProxy;
			containerPortal = OBJ_1 /* Project object */;
			proxyType = 1;
			remoteGlobalIDString = "Interplate::Interplate";
			remoteInfo = Interplate;
		};
		B51CF85222355A5800FEC269 /* PBXContainerItemProxy */ = {
			isa = PBXContainerItemProxy;
			containerPortal = OBJ_1 /* Project object */;
			proxyType = 1;
			remoteGlobalIDString = "Prelude::Prelude";
			remoteInfo = Prelude;
		};
		B51CF85322355A5800FEC269 /* PBXContainerItemProxy */ = {
			isa = PBXContainerItemProxy;
			containerPortal = OBJ_1 /* Project object */;
			proxyType = 1;
			remoteGlobalIDString = "Tagged::Tagged";
			remoteInfo = Tagged;
		};
		B51CF85422355A5800FEC269 /* PBXContainerItemProxy */ = {
			isa = PBXContainerItemProxy;
			containerPortal = OBJ_1 /* Project object */;
			proxyType = 1;
			remoteGlobalIDString = "NonEmpty::NonEmpty";
			remoteInfo = NonEmpty;
		};
		B51CF85522355A5800FEC269 /* PBXContainerItemProxy */ = {
			isa = PBXContainerItemProxy;
			containerPortal = OBJ_1 /* Project object */;
			proxyType = 1;
			remoteGlobalIDString = "Interplate::InterplateTests";
			remoteInfo = InterplateTests;
		};
/* End PBXContainerItemProxy section */

/* Begin PBXFileReference section */
		"Interplate::Interplate::Product" /* Interplate.framework */ = {isa = PBXFileReference; lastKnownFileType = wrapper.framework; path = Interplate.framework; sourceTree = BUILT_PRODUCTS_DIR; };
		"Interplate::InterplateTests::Product" /* InterplateTests.xctest */ = {isa = PBXFileReference; lastKnownFileType = file; path = InterplateTests.xctest; sourceTree = BUILT_PRODUCTS_DIR; };
		"NonEmpty::NonEmpty::Product" /* NonEmpty.framework */ = {isa = PBXFileReference; lastKnownFileType = wrapper.framework; path = NonEmpty.framework; sourceTree = BUILT_PRODUCTS_DIR; };
		OBJ_10 /* Parser.swift */ = {isa = PBXFileReference; lastKnownFileType = sourcecode.swift; path = Parser.swift; sourceTree = "<group>"; };
		OBJ_11 /* PartialIso.swift */ = {isa = PBXFileReference; lastKnownFileType = sourcecode.swift; path = PartialIso.swift; sourceTree = "<group>"; };
		OBJ_12 /* StringFormat.swift */ = {isa = PBXFileReference; lastKnownFileType = sourcecode.swift; path = StringFormat.swift; sourceTree = "<group>"; };
		OBJ_13 /* Template.swift */ = {isa = PBXFileReference; lastKnownFileType = sourcecode.swift; path = Template.swift; sourceTree = "<group>"; };
		OBJ_14 /* URLFormat.swift */ = {isa = PBXFileReference; lastKnownFileType = sourcecode.swift; path = URLFormat.swift; sourceTree = "<group>"; };
		OBJ_17 /* InterplateTests.swift */ = {isa = PBXFileReference; lastKnownFileType = sourcecode.swift; path = InterplateTests.swift; sourceTree = "<group>"; };
		OBJ_18 /* XCTestManifests.swift */ = {isa = PBXFileReference; lastKnownFileType = sourcecode.swift; path = XCTestManifests.swift; sourceTree = "<group>"; };
		OBJ_19 /* Interplate.xcworkspace */ = {isa = PBXFileReference; lastKnownFileType = wrapper.workspace; path = Interplate.xcworkspace; sourceTree = SOURCE_ROOT; };
		OBJ_27 /* Alt.swift */ = {isa = PBXFileReference; lastKnownFileType = sourcecode.swift; path = Alt.swift; sourceTree = "<group>"; };
		OBJ_28 /* Array.swift */ = {isa = PBXFileReference; lastKnownFileType = sourcecode.swift; path = Array.swift; sourceTree = "<group>"; };
		OBJ_29 /* Collection.swift */ = {isa = PBXFileReference; lastKnownFileType = sourcecode.swift; path = Collection.swift; sourceTree = "<group>"; };
		OBJ_30 /* CommutativeRing.swift */ = {isa = PBXFileReference; lastKnownFileType = sourcecode.swift; path = CommutativeRing.swift; sourceTree = "<group>"; };
		OBJ_31 /* Comparable.swift */ = {isa = PBXFileReference; lastKnownFileType = sourcecode.swift; path = Comparable.swift; sourceTree = "<group>"; };
		OBJ_32 /* Comparator.swift */ = {isa = PBXFileReference; lastKnownFileType = sourcecode.swift; path = Comparator.swift; sourceTree = "<group>"; };
		OBJ_33 /* Curry.swift */ = {isa = PBXFileReference; lastKnownFileType = sourcecode.swift; path = Curry.swift; sourceTree = "<group>"; };
		OBJ_34 /* Endo.swift */ = {isa = PBXFileReference; lastKnownFileType = sourcecode.swift; path = Endo.swift; sourceTree = "<group>"; };
		OBJ_35 /* Equatable.swift */ = {isa = PBXFileReference; lastKnownFileType = sourcecode.swift; path = Equatable.swift; sourceTree = "<group>"; };
		OBJ_36 /* EuclideanRing.swift */ = {isa = PBXFileReference; lastKnownFileType = sourcecode.swift; path = EuclideanRing.swift; sourceTree = "<group>"; };
		OBJ_37 /* Field.swift */ = {isa = PBXFileReference; lastKnownFileType = sourcecode.swift; path = Field.swift; sourceTree = "<group>"; };
		OBJ_38 /* Filterable.swift */ = {isa = PBXFileReference; lastKnownFileType = sourcecode.swift; path = Filterable.swift; sourceTree = "<group>"; };
		OBJ_39 /* FreeNearSemiring.swift */ = {isa = PBXFileReference; lastKnownFileType = sourcecode.swift; path = FreeNearSemiring.swift; sourceTree = "<group>"; };
		OBJ_40 /* Func.swift */ = {isa = PBXFileReference; lastKnownFileType = sourcecode.swift; path = Func.swift; sourceTree = "<group>"; };
		OBJ_41 /* Function.swift */ = {isa = PBXFileReference; lastKnownFileType = sourcecode.swift; path = Function.swift; sourceTree = "<group>"; };
		OBJ_42 /* HeytingAlgebra.swift */ = {isa = PBXFileReference; lastKnownFileType = sourcecode.swift; path = HeytingAlgebra.swift; sourceTree = "<group>"; };
		OBJ_43 /* Hole.swift */ = {isa = PBXFileReference; lastKnownFileType = sourcecode.swift; path = Hole.swift; sourceTree = "<group>"; };
		OBJ_44 /* IO.swift */ = {isa = PBXFileReference; lastKnownFileType = sourcecode.swift; path = IO.swift; sourceTree = "<group>"; };
		OBJ_45 /* KeyPath.swift */ = {isa = PBXFileReference; lastKnownFileType = sourcecode.swift; path = KeyPath.swift; sourceTree = "<group>"; };
		OBJ_46 /* Monoid.swift */ = {isa = PBXFileReference; lastKnownFileType = sourcecode.swift; path = Monoid.swift; sourceTree = "<group>"; };
		OBJ_47 /* NearSemiring.swift */ = {isa = PBXFileReference; lastKnownFileType = sourcecode.swift; path = NearSemiring.swift; sourceTree = "<group>"; };
		OBJ_48 /* Never.swift */ = {isa = PBXFileReference; lastKnownFileType = sourcecode.swift; path = Never.swift; sourceTree = "<group>"; };
		OBJ_49 /* NonEmpty.swift */ = {isa = PBXFileReference; lastKnownFileType = sourcecode.swift; path = NonEmpty.swift; sourceTree = "<group>"; };
		OBJ_50 /* Operators.swift */ = {isa = PBXFileReference; lastKnownFileType = sourcecode.swift; path = Operators.swift; sourceTree = "<group>"; };
		OBJ_51 /* Optional.swift */ = {isa = PBXFileReference; lastKnownFileType = sourcecode.swift; path = Optional.swift; sourceTree = "<group>"; };
		OBJ_52 /* Parallel.swift */ = {isa = PBXFileReference; lastKnownFileType = sourcecode.swift; path = Parallel.swift; sourceTree = "<group>"; };
		OBJ_53 /* Plus.swift */ = {isa = PBXFileReference; lastKnownFileType = sourcecode.swift; path = Plus.swift; sourceTree = "<group>"; };
		OBJ_54 /* PrecedenceGroups.swift */ = {isa = PBXFileReference; lastKnownFileType = sourcecode.swift; path = PrecedenceGroups.swift; sourceTree = "<group>"; };
		OBJ_55 /* Ring.swift */ = {isa = PBXFileReference; lastKnownFileType = sourcecode.swift; path = Ring.swift; sourceTree = "<group>"; };
		OBJ_56 /* Semigroup.swift */ = {isa = PBXFileReference; lastKnownFileType = sourcecode.swift; path = Semigroup.swift; sourceTree = "<group>"; };
		OBJ_57 /* Semiring.swift */ = {isa = PBXFileReference; lastKnownFileType = sourcecode.swift; path = Semiring.swift; sourceTree = "<group>"; };
		OBJ_58 /* Sequence.swift */ = {isa = PBXFileReference; lastKnownFileType = sourcecode.swift; path = Sequence.swift; sourceTree = "<group>"; };
		OBJ_59 /* Set.swift */ = {isa = PBXFileReference; lastKnownFileType = sourcecode.swift; path = Set.swift; sourceTree = "<group>"; };
		OBJ_6 /* Package.swift */ = {isa = PBXFileReference; explicitFileType = sourcecode.swift; path = Package.swift; sourceTree = "<group>"; };
		OBJ_60 /* String.swift */ = {isa = PBXFileReference; lastKnownFileType = sourcecode.swift; path = String.swift; sourceTree = "<group>"; };
		OBJ_61 /* Strong.swift */ = {isa = PBXFileReference; lastKnownFileType = sourcecode.swift; path = Strong.swift; sourceTree = "<group>"; };
		OBJ_62 /* Tagged.swift */ = {isa = PBXFileReference; lastKnownFileType = sourcecode.swift; path = Tagged.swift; sourceTree = "<group>"; };
		OBJ_63 /* Tuple.swift */ = {isa = PBXFileReference; lastKnownFileType = sourcecode.swift; path = Tuple.swift; sourceTree = "<group>"; };
		OBJ_64 /* Unit.swift */ = {isa = PBXFileReference; lastKnownFileType = sourcecode.swift; path = Unit.swift; sourceTree = "<group>"; };
		OBJ_70 /* Package.swift */ = {isa = PBXFileReference; explicitFileType = sourcecode.swift; name = Package.swift; path = "/Users/ilya.puchka/dev/Interplate/.build/checkouts/swift-prelude.git--1136030163167561456/Package.swift"; sourceTree = "<group>"; };
		OBJ_74 /* Tagged.swift */ = {isa = PBXFileReference; lastKnownFileType = sourcecode.swift; path = Tagged.swift; sourceTree = "<group>"; };
		OBJ_76 /* Package.swift */ = {isa = PBXFileReference; explicitFileType = sourcecode.swift; name = Package.swift; path = "/Users/ilya.puchka/dev/Interplate/.build/checkouts/swift-tagged.git-5559849658408377139/Package.swift"; sourceTree = "<group>"; };
		OBJ_79 /* NonEmpty+Array.swift */ = {isa = PBXFileReference; lastKnownFileType = sourcecode.swift; path = "NonEmpty+Array.swift"; sourceTree = "<group>"; };
		OBJ_80 /* NonEmpty+BidirectionalCollection.swift */ = {isa = PBXFileReference; lastKnownFileType = sourcecode.swift; path = "NonEmpty+BidirectionalCollection.swift"; sourceTree = "<group>"; };
		OBJ_81 /* NonEmpty+Codable.swift */ = {isa = PBXFileReference; lastKnownFileType = sourcecode.swift; path = "NonEmpty+Codable.swift"; sourceTree = "<group>"; };
		OBJ_82 /* NonEmpty+Collection.swift */ = {isa = PBXFileReference; lastKnownFileType = sourcecode.swift; path = "NonEmpty+Collection.swift"; sourceTree = "<group>"; };
		OBJ_83 /* NonEmpty+Comparable.swift */ = {isa = PBXFileReference; lastKnownFileType = sourcecode.swift; path = "NonEmpty+Comparable.swift"; sourceTree = "<group>"; };
		OBJ_84 /* NonEmpty+Dictionary.swift */ = {isa = PBXFileReference; lastKnownFileType = sourcecode.swift; path = "NonEmpty+Dictionary.swift"; sourceTree = "<group>"; };
		OBJ_85 /* NonEmpty+Equatable.swift */ = {isa = PBXFileReference; lastKnownFileType = sourcecode.swift; path = "NonEmpty+Equatable.swift"; sourceTree = "<group>"; };
		OBJ_86 /* NonEmpty+Hashable.swift */ = {isa = PBXFileReference; lastKnownFileType = sourcecode.swift; path = "NonEmpty+Hashable.swift"; sourceTree = "<group>"; };
		OBJ_87 /* NonEmpty+MutableCollection.swift */ = {isa = PBXFileReference; lastKnownFileType = sourcecode.swift; path = "NonEmpty+MutableCollection.swift"; sourceTree = "<group>"; };
		OBJ_88 /* NonEmpty+Random.swift */ = {isa = PBXFileReference; lastKnownFileType = sourcecode.swift; path = "NonEmpty+Random.swift"; sourceTree = "<group>"; };
		OBJ_89 /* NonEmpty+RandomAccessCollection.swift */ = {isa = PBXFileReference; lastKnownFileType = sourcecode.swift; path = "NonEmpty+RandomAccessCollection.swift"; sourceTree = "<group>"; };
		OBJ_9 /* Format.swift */ = {isa = PBXFileReference; lastKnownFileType = sourcecode.swift; path = Format.swift; sourceTree = "<group>"; };
		OBJ_90 /* NonEmpty+RangeReplaceableCollection.swift */ = {isa = PBXFileReference; lastKnownFileType = sourcecode.swift; path = "NonEmpty+RangeReplaceableCollection.swift"; sourceTree = "<group>"; };
		OBJ_91 /* NonEmpty+SetAlgebra.swift */ = {isa = PBXFileReference; lastKnownFileType = sourcecode.swift; path = "NonEmpty+SetAlgebra.swift"; sourceTree = "<group>"; };
		OBJ_92 /* NonEmpty+String.swift */ = {isa = PBXFileReference; lastKnownFileType = sourcecode.swift; path = "NonEmpty+String.swift"; sourceTree = "<group>"; };
		OBJ_93 /* NonEmpty.swift */ = {isa = PBXFileReference; lastKnownFileType = sourcecode.swift; path = NonEmpty.swift; sourceTree = "<group>"; };
		OBJ_94 /* Package.swift */ = {isa = PBXFileReference; explicitFileType = sourcecode.swift; name = Package.swift; path = "/Users/ilya.puchka/dev/Interplate/.build/checkouts/swift-nonempty.git-2975801863439748792/Package.swift"; sourceTree = "<group>"; };
		"Prelude::Prelude::Product" /* Prelude.framework */ = {isa = PBXFileReference; lastKnownFileType = wrapper.framework; path = Prelude.framework; sourceTree = BUILT_PRODUCTS_DIR; };
		"Tagged::Tagged::Product" /* Tagged.framework */ = {isa = PBXFileReference; lastKnownFileType = wrapper.framework; path = Tagged.framework; sourceTree = BUILT_PRODUCTS_DIR; };
/* End PBXFileReference section */

/* Begin PBXFrameworksBuildPhase section */
		OBJ_112 /* Frameworks */ = {
			isa = PBXFrameworksBuildPhase;
			buildActionMask = 0;
			files = (
				OBJ_113 /* Prelude.framework in Frameworks */,
				OBJ_114 /* Tagged.framework in Frameworks */,
				OBJ_115 /* NonEmpty.framework in Frameworks */,
			);
			runOnlyForDeploymentPostprocessing = 0;
		};
		OBJ_140 /* Frameworks */ = {
			isa = PBXFrameworksBuildPhase;
			buildActionMask = 0;
			files = (
				OBJ_141 /* Interplate.framework in Frameworks */,
				OBJ_142 /* Prelude.framework in Frameworks */,
				OBJ_143 /* Tagged.framework in Frameworks */,
				OBJ_144 /* NonEmpty.framework in Frameworks */,
			);
			runOnlyForDeploymentPostprocessing = 0;
		};
		OBJ_168 /* Frameworks */ = {
			isa = PBXFrameworksBuildPhase;
			buildActionMask = 0;
			files = (
			);
			runOnlyForDeploymentPostprocessing = 0;
		};
		OBJ_217 /* Frameworks */ = {
			isa = PBXFrameworksBuildPhase;
			buildActionMask = 0;
			files = (
				OBJ_218 /* Tagged.framework in Frameworks */,
				OBJ_219 /* NonEmpty.framework in Frameworks */,
			);
			runOnlyForDeploymentPostprocessing = 0;
		};
		OBJ_233 /* Frameworks */ = {
			isa = PBXFrameworksBuildPhase;
			buildActionMask = 0;
			files = (
			);
			runOnlyForDeploymentPostprocessing = 0;
		};
/* End PBXFrameworksBuildPhase section */

/* Begin PBXGroup section */
		OBJ_15 /* Tests */ = {
			isa = PBXGroup;
			children = (
				OBJ_16 /* InterplateTests */,
			);
			name = Tests;
			sourceTree = SOURCE_ROOT;
		};
		OBJ_16 /* InterplateTests */ = {
			isa = PBXGroup;
			children = (
				OBJ_17 /* InterplateTests.swift */,
				OBJ_18 /* XCTestManifests.swift */,
			);
			name = InterplateTests;
			path = Tests/InterplateTests;
			sourceTree = SOURCE_ROOT;
		};
		OBJ_20 /* Dependencies */ = {
			isa = PBXGroup;
			children = (
				OBJ_21 /* Prelude */,
				OBJ_71 /* Tagged 0.3.0 */,
				OBJ_77 /* NonEmpty 0.1.2 */,
			);
			name = Dependencies;
			sourceTree = "<group>";
		};
		OBJ_21 /* Prelude */ = {
			isa = PBXGroup;
			children = (
				OBJ_22 /* Reader */,
				OBJ_23 /* Either */,
				OBJ_24 /* Optics */,
				OBJ_25 /* Tuple */,
				OBJ_26 /* Prelude */,
				OBJ_65 /* ValidationSemigroup */,
				OBJ_66 /* State */,
				OBJ_67 /* ValidationNearSemiring */,
				OBJ_68 /* Writer */,
				OBJ_69 /* Frp */,
				OBJ_70 /* Package.swift */,
			);
			name = Prelude;
			sourceTree = SOURCE_ROOT;
		};
		OBJ_22 /* Reader */ = {
			isa = PBXGroup;
			children = (
			);
			name = Reader;
			path = ".build/checkouts/swift-prelude.git--1136030163167561456/Sources/Reader";
			sourceTree = SOURCE_ROOT;
		};
		OBJ_23 /* Either */ = {
			isa = PBXGroup;
			children = (
			);
			name = Either;
			path = ".build/checkouts/swift-prelude.git--1136030163167561456/Sources/Either";
			sourceTree = SOURCE_ROOT;
		};
		OBJ_24 /* Optics */ = {
			isa = PBXGroup;
			children = (
			);
			name = Optics;
			path = ".build/checkouts/swift-prelude.git--1136030163167561456/Sources/Optics";
			sourceTree = SOURCE_ROOT;
		};
		OBJ_25 /* Tuple */ = {
			isa = PBXGroup;
			children = (
			);
			name = Tuple;
			path = ".build/checkouts/swift-prelude.git--1136030163167561456/Sources/Tuple";
			sourceTree = SOURCE_ROOT;
		};
		OBJ_26 /* Prelude */ = {
			isa = PBXGroup;
			children = (
				OBJ_27 /* Alt.swift */,
				OBJ_28 /* Array.swift */,
				OBJ_29 /* Collection.swift */,
				OBJ_30 /* CommutativeRing.swift */,
				OBJ_31 /* Comparable.swift */,
				OBJ_32 /* Comparator.swift */,
				OBJ_33 /* Curry.swift */,
				OBJ_34 /* Endo.swift */,
				OBJ_35 /* Equatable.swift */,
				OBJ_36 /* EuclideanRing.swift */,
				OBJ_37 /* Field.swift */,
				OBJ_38 /* Filterable.swift */,
				OBJ_39 /* FreeNearSemiring.swift */,
				OBJ_40 /* Func.swift */,
				OBJ_41 /* Function.swift */,
				OBJ_42 /* HeytingAlgebra.swift */,
				OBJ_43 /* Hole.swift */,
				OBJ_44 /* IO.swift */,
				OBJ_45 /* KeyPath.swift */,
				OBJ_46 /* Monoid.swift */,
				OBJ_47 /* NearSemiring.swift */,
				OBJ_48 /* Never.swift */,
				OBJ_49 /* NonEmpty.swift */,
				OBJ_50 /* Operators.swift */,
				OBJ_51 /* Optional.swift */,
				OBJ_52 /* Parallel.swift */,
				OBJ_53 /* Plus.swift */,
				OBJ_54 /* PrecedenceGroups.swift */,
				OBJ_55 /* Ring.swift */,
				OBJ_56 /* Semigroup.swift */,
				OBJ_57 /* Semiring.swift */,
				OBJ_58 /* Sequence.swift */,
				OBJ_59 /* Set.swift */,
				OBJ_60 /* String.swift */,
				OBJ_61 /* Strong.swift */,
				OBJ_62 /* Tagged.swift */,
				OBJ_63 /* Tuple.swift */,
				OBJ_64 /* Unit.swift */,
			);
			name = Prelude;
			path = ".build/checkouts/swift-prelude.git--1136030163167561456/Sources/Prelude";
			sourceTree = SOURCE_ROOT;
		};
		OBJ_5 = {
			isa = PBXGroup;
			children = (
				OBJ_6 /* Package.swift */,
				OBJ_7 /* Sources */,
				OBJ_15 /* Tests */,
				OBJ_19 /* Interplate.xcworkspace */,
				OBJ_20 /* Dependencies */,
				OBJ_95 /* Products */,
			);
			sourceTree = "<group>";
		};
		OBJ_65 /* ValidationSemigroup */ = {
			isa = PBXGroup;
			children = (
			);
			name = ValidationSemigroup;
			path = ".build/checkouts/swift-prelude.git--1136030163167561456/Sources/ValidationSemigroup";
			sourceTree = SOURCE_ROOT;
		};
		OBJ_66 /* State */ = {
			isa = PBXGroup;
			children = (
			);
			name = State;
			path = ".build/checkouts/swift-prelude.git--1136030163167561456/Sources/State";
			sourceTree = SOURCE_ROOT;
		};
		OBJ_67 /* ValidationNearSemiring */ = {
			isa = PBXGroup;
			children = (
			);
			name = ValidationNearSemiring;
			path = ".build/checkouts/swift-prelude.git--1136030163167561456/Sources/ValidationNearSemiring";
			sourceTree = SOURCE_ROOT;
		};
		OBJ_68 /* Writer */ = {
			isa = PBXGroup;
			children = (
			);
			name = Writer;
			path = ".build/checkouts/swift-prelude.git--1136030163167561456/Sources/Writer";
			sourceTree = SOURCE_ROOT;
		};
		OBJ_69 /* Frp */ = {
			isa = PBXGroup;
			children = (
			);
			name = Frp;
			path = ".build/checkouts/swift-prelude.git--1136030163167561456/Sources/Frp";
			sourceTree = SOURCE_ROOT;
		};
		OBJ_7 /* Sources */ = {
			isa = PBXGroup;
			children = (
				OBJ_8 /* Interplate */,
			);
			name = Sources;
			sourceTree = SOURCE_ROOT;
		};
		OBJ_71 /* Tagged 0.3.0 */ = {
			isa = PBXGroup;
			children = (
				OBJ_72 /* TaggedTime */,
				OBJ_73 /* Tagged */,
				OBJ_75 /* TaggedMoney */,
				OBJ_76 /* Package.swift */,
			);
			name = "Tagged 0.3.0";
			sourceTree = SOURCE_ROOT;
		};
		OBJ_72 /* TaggedTime */ = {
			isa = PBXGroup;
			children = (
			);
			name = TaggedTime;
			path = ".build/checkouts/swift-tagged.git-5559849658408377139/Sources/TaggedTime";
			sourceTree = SOURCE_ROOT;
		};
		OBJ_73 /* Tagged */ = {
			isa = PBXGroup;
			children = (
				OBJ_74 /* Tagged.swift */,
			);
			name = Tagged;
			path = ".build/checkouts/swift-tagged.git-5559849658408377139/Sources/Tagged";
			sourceTree = SOURCE_ROOT;
		};
		OBJ_75 /* TaggedMoney */ = {
			isa = PBXGroup;
			children = (
			);
			name = TaggedMoney;
			path = ".build/checkouts/swift-tagged.git-5559849658408377139/Sources/TaggedMoney";
			sourceTree = SOURCE_ROOT;
		};
		OBJ_77 /* NonEmpty 0.1.2 */ = {
			isa = PBXGroup;
			children = (
				OBJ_78 /* NonEmpty */,
				OBJ_94 /* Package.swift */,
			);
			name = "NonEmpty 0.1.2";
			sourceTree = SOURCE_ROOT;
		};
		OBJ_78 /* NonEmpty */ = {
			isa = PBXGroup;
			children = (
				OBJ_79 /* NonEmpty+Array.swift */,
				OBJ_80 /* NonEmpty+BidirectionalCollection.swift */,
				OBJ_81 /* NonEmpty+Codable.swift */,
				OBJ_82 /* NonEmpty+Collection.swift */,
				OBJ_83 /* NonEmpty+Comparable.swift */,
				OBJ_84 /* NonEmpty+Dictionary.swift */,
				OBJ_85 /* NonEmpty+Equatable.swift */,
				OBJ_86 /* NonEmpty+Hashable.swift */,
				OBJ_87 /* NonEmpty+MutableCollection.swift */,
				OBJ_88 /* NonEmpty+Random.swift */,
				OBJ_89 /* NonEmpty+RandomAccessCollection.swift */,
				OBJ_90 /* NonEmpty+RangeReplaceableCollection.swift */,
				OBJ_91 /* NonEmpty+SetAlgebra.swift */,
				OBJ_92 /* NonEmpty+String.swift */,
				OBJ_93 /* NonEmpty.swift */,
			);
			name = NonEmpty;
			path = ".build/checkouts/swift-nonempty.git-2975801863439748792/Sources/NonEmpty";
			sourceTree = SOURCE_ROOT;
		};
		OBJ_8 /* Interplate */ = {
			isa = PBXGroup;
			children = (
				OBJ_9 /* Format.swift */,
				OBJ_10 /* Parser.swift */,
				OBJ_11 /* PartialIso.swift */,
				OBJ_12 /* StringFormat.swift */,
				OBJ_13 /* Template.swift */,
				OBJ_14 /* URLFormat.swift */,
			);
			name = Interplate;
			path = Sources/Interplate;
			sourceTree = SOURCE_ROOT;
		};
		OBJ_95 /* Products */ = {
			isa = PBXGroup;
			children = (
				"NonEmpty::NonEmpty::Product" /* NonEmpty.framework */,
				"Prelude::Prelude::Product" /* Prelude.framework */,
				"Tagged::Tagged::Product" /* Tagged.framework */,
				"Interplate::InterplateTests::Product" /* InterplateTests.xctest */,
				"Interplate::Interplate::Product" /* Interplate.framework */,
			);
			name = Products;
			sourceTree = BUILT_PRODUCTS_DIR;
		};
/* End PBXGroup section */

/* Begin PBXNativeTarget section */
		"Interplate::Interplate" /* Interplate */ = {
			isa = PBXNativeTarget;
			buildConfigurationList = OBJ_102 /* Build configuration list for PBXNativeTarget "Interplate" */;
			buildPhases = (
				OBJ_105 /* Sources */,
				OBJ_112 /* Frameworks */,
			);
			buildRules = (
			);
			dependencies = (
				OBJ_116 /* PBXTargetDependency */,
				OBJ_118 /* PBXTargetDependency */,
				OBJ_120 /* PBXTargetDependency */,
			);
			name = Interplate;
			productName = Interplate;
			productReference = "Interplate::Interplate::Product" /* Interplate.framework */;
			productType = "com.apple.product-type.framework";
		};
		"Interplate::InterplateTests" /* InterplateTests */ = {
			isa = PBXNativeTarget;
			buildConfigurationList = OBJ_134 /* Build configuration list for PBXNativeTarget "InterplateTests" */;
			buildPhases = (
				OBJ_137 /* Sources */,
				OBJ_140 /* Frameworks */,
			);
			buildRules = (
			);
			dependencies = (
				OBJ_145 /* PBXTargetDependency */,
				OBJ_146 /* PBXTargetDependency */,
				OBJ_147 /* PBXTargetDependency */,
				OBJ_148 /* PBXTargetDependency */,
			);
			name = InterplateTests;
			productName = InterplateTests;
			productReference = "Interplate::InterplateTests::Product" /* InterplateTests.xctest */;
			productType = "com.apple.product-type.bundle.unit-test";
		};
		"Interplate::SwiftPMPackageDescription" /* InterplatePackageDescription */ = {
			isa = PBXNativeTarget;
			buildConfigurationList = OBJ_123 /* Build configuration list for PBXNativeTarget "InterplatePackageDescription" */;
			buildPhases = (
				OBJ_126 /* Sources */,
			);
			buildRules = (
			);
			dependencies = (
			);
			name = InterplatePackageDescription;
			productName = InterplatePackageDescription;
			productType = "com.apple.product-type.framework";
		};
		"NonEmpty::NonEmpty" /* NonEmpty */ = {
			isa = PBXNativeTarget;
			buildConfigurationList = OBJ_149 /* Build configuration list for PBXNativeTarget "NonEmpty" */;
			buildPhases = (
				OBJ_152 /* Sources */,
				OBJ_168 /* Frameworks */,
			);
			buildRules = (
			);
			dependencies = (
			);
			name = NonEmpty;
			productName = NonEmpty;
			productReference = "NonEmpty::NonEmpty::Product" /* NonEmpty.framework */;
			productType = "com.apple.product-type.framework";
		};
		"NonEmpty::SwiftPMPackageDescription" /* NonEmptyPackageDescription */ = {
			isa = PBXNativeTarget;
			buildConfigurationList = OBJ_170 /* Build configuration list for PBXNativeTarget "NonEmptyPackageDescription" */;
			buildPhases = (
				OBJ_173 /* Sources */,
			);
			buildRules = (
			);
			dependencies = (
			);
			name = NonEmptyPackageDescription;
			productName = NonEmptyPackageDescription;
			productType = "com.apple.product-type.framework";
		};
		"Prelude::Prelude" /* Prelude */ = {
			isa = PBXNativeTarget;
			buildConfigurationList = OBJ_175 /* Build configuration list for PBXNativeTarget "Prelude" */;
			buildPhases = (
				OBJ_178 /* Sources */,
				OBJ_217 /* Frameworks */,
			);
			buildRules = (
			);
			dependencies = (
				OBJ_220 /* PBXTargetDependency */,
				OBJ_221 /* PBXTargetDependency */,
			);
			name = Prelude;
			productName = Prelude;
			productReference = "Prelude::Prelude::Product" /* Prelude.framework */;
			productType = "com.apple.product-type.framework";
		};
		"Prelude::SwiftPMPackageDescription" /* PreludePackageDescription */ = {
			isa = PBXNativeTarget;
			buildConfigurationList = OBJ_223 /* Build configuration list for PBXNativeTarget "PreludePackageDescription" */;
			buildPhases = (
				OBJ_226 /* Sources */,
			);
			buildRules = (
			);
			dependencies = (
			);
			name = PreludePackageDescription;
			productName = PreludePackageDescription;
			productType = "com.apple.product-type.framework";
		};
		"Tagged::SwiftPMPackageDescription" /* TaggedPackageDescription */ = {
			isa = PBXNativeTarget;
			buildConfigurationList = OBJ_235 /* Build configuration list for PBXNativeTarget "TaggedPackageDescription" */;
			buildPhases = (
				OBJ_238 /* Sources */,
			);
			buildRules = (
			);
			dependencies = (
			);
			name = TaggedPackageDescription;
			productName = TaggedPackageDescription;
			productType = "com.apple.product-type.framework";
		};
		"Tagged::Tagged" /* Tagged */ = {
			isa = PBXNativeTarget;
			buildConfigurationList = OBJ_228 /* Build configuration list for PBXNativeTarget "Tagged" */;
			buildPhases = (
				OBJ_231 /* Sources */,
				OBJ_233 /* Frameworks */,
			);
			buildRules = (
			);
			dependencies = (
			);
			name = Tagged;
			productName = Tagged;
			productReference = "Tagged::Tagged::Product" /* Tagged.framework */;
			productType = "com.apple.product-type.framework";
		};
/* End PBXNativeTarget section */

/* Begin PBXProject section */
		OBJ_1 /* Project object */ = {
			isa = PBXProject;
			attributes = {
				LastUpgradeCheck = 9999;
			};
			buildConfigurationList = OBJ_2 /* Build configuration list for PBXProject "Interplate" */;
			compatibilityVersion = "Xcode 3.2";
			developmentRegion = English;
			hasScannedForEncodings = 0;
			knownRegions = (
				en,
			);
			mainGroup = OBJ_5;
			productRefGroup = OBJ_95 /* Products */;
			projectDirPath = "";
			projectRoot = "";
			targets = (
				"Interplate::Interplate" /* Interplate */,
				"Interplate::SwiftPMPackageDescription" /* InterplatePackageDescription */,
				"Interplate::InterplatePackageTests::ProductTarget" /* InterplatePackageTests */,
				"Interplate::InterplateTests" /* InterplateTests */,
				"NonEmpty::NonEmpty" /* NonEmpty */,
				"NonEmpty::SwiftPMPackageDescription" /* NonEmptyPackageDescription */,
				"Prelude::Prelude" /* Prelude */,
				"Prelude::SwiftPMPackageDescription" /* PreludePackageDescription */,
				"Tagged::Tagged" /* Tagged */,
				"Tagged::SwiftPMPackageDescription" /* TaggedPackageDescription */,
			);
		};
/* End PBXProject section */

/* Begin PBXSourcesBuildPhase section */
		OBJ_105 /* Sources */ = {
			isa = PBXSourcesBuildPhase;
			buildActionMask = 0;
			files = (
				OBJ_106 /* Format.swift in Sources */,
				OBJ_107 /* Parser.swift in Sources */,
				OBJ_108 /* PartialIso.swift in Sources */,
				OBJ_109 /* StringFormat.swift in Sources */,
				OBJ_110 /* Template.swift in Sources */,
				OBJ_111 /* URLFormat.swift in Sources */,
			);
			runOnlyForDeploymentPostprocessing = 0;
		};
		OBJ_126 /* Sources */ = {
			isa = PBXSourcesBuildPhase;
			buildActionMask = 0;
			files = (
				OBJ_127 /* Package.swift in Sources */,
			);
			runOnlyForDeploymentPostprocessing = 0;
		};
		OBJ_137 /* Sources */ = {
			isa = PBXSourcesBuildPhase;
			buildActionMask = 0;
			files = (
				OBJ_138 /* InterplateTests.swift in Sources */,
				OBJ_139 /* XCTestManifests.swift in Sources */,
			);
			runOnlyForDeploymentPostprocessing = 0;
		};
		OBJ_152 /* Sources */ = {
			isa = PBXSourcesBuildPhase;
			buildActionMask = 0;
			files = (
				OBJ_153 /* NonEmpty+Array.swift in Sources */,
				OBJ_154 /* NonEmpty+BidirectionalCollection.swift in Sources */,
				OBJ_155 /* NonEmpty+Codable.swift in Sources */,
				OBJ_156 /* NonEmpty+Collection.swift in Sources */,
				OBJ_157 /* NonEmpty+Comparable.swift in Sources */,
				OBJ_158 /* NonEmpty+Dictionary.swift in Sources */,
				OBJ_159 /* NonEmpty+Equatable.swift in Sources */,
				OBJ_160 /* NonEmpty+Hashable.swift in Sources */,
				OBJ_161 /* NonEmpty+MutableCollection.swift in Sources */,
				OBJ_162 /* NonEmpty+Random.swift in Sources */,
				OBJ_163 /* NonEmpty+RandomAccessCollection.swift in Sources */,
				OBJ_164 /* NonEmpty+RangeReplaceableCollection.swift in Sources */,
				OBJ_165 /* NonEmpty+SetAlgebra.swift in Sources */,
				OBJ_166 /* NonEmpty+String.swift in Sources */,
				OBJ_167 /* NonEmpty.swift in Sources */,
			);
			runOnlyForDeploymentPostprocessing = 0;
		};
		OBJ_173 /* Sources */ = {
			isa = PBXSourcesBuildPhase;
			buildActionMask = 0;
			files = (
				OBJ_174 /* Package.swift in Sources */,
			);
			runOnlyForDeploymentPostprocessing = 0;
		};
		OBJ_178 /* Sources */ = {
			isa = PBXSourcesBuildPhase;
			buildActionMask = 0;
			files = (
				OBJ_179 /* Alt.swift in Sources */,
				OBJ_180 /* Array.swift in Sources */,
				OBJ_181 /* Collection.swift in Sources */,
				OBJ_182 /* CommutativeRing.swift in Sources */,
				OBJ_183 /* Comparable.swift in Sources */,
				OBJ_184 /* Comparator.swift in Sources */,
				OBJ_185 /* Curry.swift in Sources */,
				OBJ_186 /* Endo.swift in Sources */,
				OBJ_187 /* Equatable.swift in Sources */,
				OBJ_188 /* EuclideanRing.swift in Sources */,
				OBJ_189 /* Field.swift in Sources */,
				OBJ_190 /* Filterable.swift in Sources */,
				OBJ_191 /* FreeNearSemiring.swift in Sources */,
				OBJ_192 /* Func.swift in Sources */,
				OBJ_193 /* Function.swift in Sources */,
				OBJ_194 /* HeytingAlgebra.swift in Sources */,
				OBJ_195 /* Hole.swift in Sources */,
				OBJ_196 /* IO.swift in Sources */,
				OBJ_197 /* KeyPath.swift in Sources */,
				OBJ_198 /* Monoid.swift in Sources */,
				OBJ_199 /* NearSemiring.swift in Sources */,
				OBJ_200 /* Never.swift in Sources */,
				OBJ_201 /* NonEmpty.swift in Sources */,
				OBJ_202 /* Operators.swift in Sources */,
				OBJ_203 /* Optional.swift in Sources */,
				OBJ_204 /* Parallel.swift in Sources */,
				OBJ_205 /* Plus.swift in Sources */,
				OBJ_206 /* PrecedenceGroups.swift in Sources */,
				OBJ_207 /* Ring.swift in Sources */,
				OBJ_208 /* Semigroup.swift in Sources */,
				OBJ_209 /* Semiring.swift in Sources */,
				OBJ_210 /* Sequence.swift in Sources */,
				OBJ_211 /* Set.swift in Sources */,
				OBJ_212 /* String.swift in Sources */,
				OBJ_213 /* Strong.swift in Sources */,
				OBJ_214 /* Tagged.swift in Sources */,
				OBJ_215 /* Tuple.swift in Sources */,
				OBJ_216 /* Unit.swift in Sources */,
			);
			runOnlyForDeploymentPostprocessing = 0;
		};
		OBJ_226 /* Sources */ = {
			isa = PBXSourcesBuildPhase;
			buildActionMask = 0;
			files = (
				OBJ_227 /* Package.swift in Sources */,
			);
			runOnlyForDeploymentPostprocessing = 0;
		};
		OBJ_231 /* Sources */ = {
			isa = PBXSourcesBuildPhase;
			buildActionMask = 0;
			files = (
				OBJ_232 /* Tagged.swift in Sources */,
			);
			runOnlyForDeploymentPostprocessing = 0;
		};
		OBJ_238 /* Sources */ = {
			isa = PBXSourcesBuildPhase;
			buildActionMask = 0;
			files = (
				OBJ_239 /* Package.swift in Sources */,
			);
			runOnlyForDeploymentPostprocessing = 0;
		};
/* End PBXSourcesBuildPhase section */

/* Begin PBXTargetDependency section */
		OBJ_116 /* PBXTargetDependency */ = {
			isa = PBXTargetDependency;
			target = "Prelude::Prelude" /* Prelude */;
			targetProxy = B51CF84C22355A5800FEC269 /* PBXContainerItemProxy */;
		};
		OBJ_118 /* PBXTargetDependency */ = {
			isa = PBXTargetDependency;
			target = "Tagged::Tagged" /* Tagged */;
			targetProxy = B51CF84F22355A5800FEC269 /* PBXContainerItemProxy */;
		};
		OBJ_120 /* PBXTargetDependency */ = {
			isa = PBXTargetDependency;
			target = "NonEmpty::NonEmpty" /* NonEmpty */;
			targetProxy = B51CF85022355A5800FEC269 /* PBXContainerItemProxy */;
		};
		OBJ_132 /* PBXTargetDependency */ = {
			isa = PBXTargetDependency;
			target = "Interplate::InterplateTests" /* InterplateTests */;
			targetProxy = B51CF85522355A5800FEC269 /* PBXContainerItemProxy */;
		};
		OBJ_145 /* PBXTargetDependency */ = {
			isa = PBXTargetDependency;
			target = "Interplate::Interplate" /* Interplate */;
			targetProxy = B51CF85122355A5800FEC269 /* PBXContainerItemProxy */;
		};
		OBJ_146 /* PBXTargetDependency */ = {
			isa = PBXTargetDependency;
			target = "Prelude::Prelude" /* Prelude */;
			targetProxy = B51CF85222355A5800FEC269 /* PBXContainerItemProxy */;
		};
		OBJ_147 /* PBXTargetDependency */ = {
			isa = PBXTargetDependency;
			target = "Tagged::Tagged" /* Tagged */;
			targetProxy = B51CF85322355A5800FEC269 /* PBXContainerItemProxy */;
		};
		OBJ_148 /* PBXTargetDependency */ = {
			isa = PBXTargetDependency;
			target = "NonEmpty::NonEmpty" /* NonEmpty */;
			targetProxy = B51CF85422355A5800FEC269 /* PBXContainerItemProxy */;
		};
		OBJ_220 /* PBXTargetDependency */ = {
			isa = PBXTargetDependency;
			target = "Tagged::Tagged" /* Tagged */;
			targetProxy = B51CF84D22355A5800FEC269 /* PBXContainerItemProxy */;
		};
		OBJ_221 /* PBXTargetDependency */ = {
			isa = PBXTargetDependency;
			target = "NonEmpty::NonEmpty" /* NonEmpty */;
			targetProxy = B51CF84E22355A5800FEC269 /* PBXContainerItemProxy */;
		};
/* End PBXTargetDependency section */

/* Begin XCBuildConfiguration section */
		OBJ_103 /* Debug */ = {
			isa = XCBuildConfiguration;
			buildSettings = {
				ENABLE_TESTABILITY = YES;
				FRAMEWORK_SEARCH_PATHS = (
					"$(inherited)",
					"$(PLATFORM_DIR)/Developer/Library/Frameworks",
				);
				HEADER_SEARCH_PATHS = "$(inherited)";
				INFOPLIST_FILE = Interplate.xcodeproj/Interplate_Info.plist;
				LD_RUNPATH_SEARCH_PATHS = "$(inherited) $(TOOLCHAIN_DIR)/usr/lib/swift/macosx";
				OTHER_CFLAGS = "$(inherited)";
				OTHER_LDFLAGS = "$(inherited)";
				OTHER_SWIFT_FLAGS = "$(inherited)";
				PRODUCT_BUNDLE_IDENTIFIER = Interplate;
				PRODUCT_MODULE_NAME = "$(TARGET_NAME:c99extidentifier)";
				PRODUCT_NAME = "$(TARGET_NAME:c99extidentifier)";
				SKIP_INSTALL = YES;
				SWIFT_ACTIVE_COMPILATION_CONDITIONS = "$(inherited)";
				SWIFT_VERSION = 4.2;
				TARGET_NAME = Interplate;
			};
			name = Debug;
		};
		OBJ_104 /* Release */ = {
			isa = XCBuildConfiguration;
			buildSettings = {
				ENABLE_TESTABILITY = YES;
				FRAMEWORK_SEARCH_PATHS = (
					"$(inherited)",
					"$(PLATFORM_DIR)/Developer/Library/Frameworks",
				);
				HEADER_SEARCH_PATHS = "$(inherited)";
				INFOPLIST_FILE = Interplate.xcodeproj/Interplate_Info.plist;
				LD_RUNPATH_SEARCH_PATHS = "$(inherited) $(TOOLCHAIN_DIR)/usr/lib/swift/macosx";
				OTHER_CFLAGS = "$(inherited)";
				OTHER_LDFLAGS = "$(inherited)";
				OTHER_SWIFT_FLAGS = "$(inherited)";
				PRODUCT_BUNDLE_IDENTIFIER = Interplate;
				PRODUCT_MODULE_NAME = "$(TARGET_NAME:c99extidentifier)";
				PRODUCT_NAME = "$(TARGET_NAME:c99extidentifier)";
				SKIP_INSTALL = YES;
				SWIFT_ACTIVE_COMPILATION_CONDITIONS = "$(inherited)";
				SWIFT_VERSION = 4.2;
				TARGET_NAME = Interplate;
			};
			name = Release;
		};
		OBJ_124 /* Debug */ = {
			isa = XCBuildConfiguration;
			buildSettings = {
				LD = /usr/bin/true;
				OTHER_SWIFT_FLAGS = "-swift-version 4.2 -I $(TOOLCHAIN_DIR)/usr/lib/swift/pm/4_2 -target x86_64-apple-macosx10.10 -sdk /Applications/Xcode.app/Contents/Developer/Platforms/MacOSX.platform/Developer/SDKs/MacOSX10.14.sdk";
				SWIFT_VERSION = 4.2;
			};
			name = Debug;
		};
		OBJ_125 /* Release */ = {
			isa = XCBuildConfiguration;
			buildSettings = {
				LD = /usr/bin/true;
				OTHER_SWIFT_FLAGS = "-swift-version 4.2 -I $(TOOLCHAIN_DIR)/usr/lib/swift/pm/4_2 -target x86_64-apple-macosx10.10 -sdk /Applications/Xcode.app/Contents/Developer/Platforms/MacOSX.platform/Developer/SDKs/MacOSX10.14.sdk";
				SWIFT_VERSION = 4.2;
			};
			name = Release;
		};
		OBJ_130 /* Debug */ = {
			isa = XCBuildConfiguration;
			buildSettings = {
			};
			name = Debug;
		};
		OBJ_131 /* Release */ = {
			isa = XCBuildConfiguration;
			buildSettings = {
			};
			name = Release;
		};
		OBJ_135 /* Debug */ = {
			isa = XCBuildConfiguration;
			buildSettings = {
				CLANG_ENABLE_MODULES = YES;
				EMBEDDED_CONTENT_CONTAINS_SWIFT = YES;
				FRAMEWORK_SEARCH_PATHS = (
					"$(inherited)",
					"$(PLATFORM_DIR)/Developer/Library/Frameworks",
				);
				HEADER_SEARCH_PATHS = "$(inherited)";
				INFOPLIST_FILE = Interplate.xcodeproj/InterplateTests_Info.plist;
				LD_RUNPATH_SEARCH_PATHS = "$(inherited) @loader_path/../Frameworks @loader_path/Frameworks";
				OTHER_CFLAGS = "$(inherited)";
				OTHER_LDFLAGS = "$(inherited)";
				OTHER_SWIFT_FLAGS = "$(inherited)";
				SWIFT_ACTIVE_COMPILATION_CONDITIONS = "$(inherited)";
				SWIFT_VERSION = 4.2;
				TARGET_NAME = InterplateTests;
			};
			name = Debug;
		};
		OBJ_136 /* Release */ = {
			isa = XCBuildConfiguration;
			buildSettings = {
				CLANG_ENABLE_MODULES = YES;
				EMBEDDED_CONTENT_CONTAINS_SWIFT = YES;
				FRAMEWORK_SEARCH_PATHS = (
					"$(inherited)",
					"$(PLATFORM_DIR)/Developer/Library/Frameworks",
				);
				HEADER_SEARCH_PATHS = "$(inherited)";
				INFOPLIST_FILE = Interplate.xcodeproj/InterplateTests_Info.plist;
				LD_RUNPATH_SEARCH_PATHS = "$(inherited) @loader_path/../Frameworks @loader_path/Frameworks";
				OTHER_CFLAGS = "$(inherited)";
				OTHER_LDFLAGS = "$(inherited)";
				OTHER_SWIFT_FLAGS = "$(inherited)";
				SWIFT_ACTIVE_COMPILATION_CONDITIONS = "$(inherited)";
				SWIFT_VERSION = 4.2;
				TARGET_NAME = InterplateTests;
			};
			name = Release;
		};
		OBJ_150 /* Debug */ = {
			isa = XCBuildConfiguration;
			buildSettings = {
				ENABLE_TESTABILITY = YES;
				FRAMEWORK_SEARCH_PATHS = (
					"$(inherited)",
					"$(PLATFORM_DIR)/Developer/Library/Frameworks",
				);
				HEADER_SEARCH_PATHS = "$(inherited)";
				INFOPLIST_FILE = Interplate.xcodeproj/NonEmpty_Info.plist;
				LD_RUNPATH_SEARCH_PATHS = "$(inherited) $(TOOLCHAIN_DIR)/usr/lib/swift/macosx";
				OTHER_CFLAGS = "$(inherited)";
				OTHER_LDFLAGS = "$(inherited)";
				OTHER_SWIFT_FLAGS = "$(inherited)";
				PRODUCT_BUNDLE_IDENTIFIER = NonEmpty;
				PRODUCT_MODULE_NAME = "$(TARGET_NAME:c99extidentifier)";
				PRODUCT_NAME = "$(TARGET_NAME:c99extidentifier)";
				SKIP_INSTALL = YES;
				SWIFT_ACTIVE_COMPILATION_CONDITIONS = "$(inherited)";
				SWIFT_VERSION = 4.0;
				TARGET_NAME = NonEmpty;
			};
			name = Debug;
		};
		OBJ_151 /* Release */ = {
			isa = XCBuildConfiguration;
			buildSettings = {
				ENABLE_TESTABILITY = YES;
				FRAMEWORK_SEARCH_PATHS = (
					"$(inherited)",
					"$(PLATFORM_DIR)/Developer/Library/Frameworks",
				);
				HEADER_SEARCH_PATHS = "$(inherited)";
				INFOPLIST_FILE = Interplate.xcodeproj/NonEmpty_Info.plist;
				LD_RUNPATH_SEARCH_PATHS = "$(inherited) $(TOOLCHAIN_DIR)/usr/lib/swift/macosx";
				OTHER_CFLAGS = "$(inherited)";
				OTHER_LDFLAGS = "$(inherited)";
				OTHER_SWIFT_FLAGS = "$(inherited)";
				PRODUCT_BUNDLE_IDENTIFIER = NonEmpty;
				PRODUCT_MODULE_NAME = "$(TARGET_NAME:c99extidentifier)";
				PRODUCT_NAME = "$(TARGET_NAME:c99extidentifier)";
				SKIP_INSTALL = YES;
				SWIFT_ACTIVE_COMPILATION_CONDITIONS = "$(inherited)";
				SWIFT_VERSION = 4.0;
				TARGET_NAME = NonEmpty;
			};
			name = Release;
		};
		OBJ_171 /* Debug */ = {
			isa = XCBuildConfiguration;
			buildSettings = {
				LD = /usr/bin/true;
				OTHER_SWIFT_FLAGS = "-swift-version 4 -I $(TOOLCHAIN_DIR)/usr/lib/swift/pm/4 -target x86_64-apple-macosx10.10 -sdk /Applications/Xcode.app/Contents/Developer/Platforms/MacOSX.platform/Developer/SDKs/MacOSX10.14.sdk";
				SWIFT_VERSION = 4.0;
			};
			name = Debug;
		};
		OBJ_172 /* Release */ = {
			isa = XCBuildConfiguration;
			buildSettings = {
				LD = /usr/bin/true;
				OTHER_SWIFT_FLAGS = "-swift-version 4 -I $(TOOLCHAIN_DIR)/usr/lib/swift/pm/4 -target x86_64-apple-macosx10.10 -sdk /Applications/Xcode.app/Contents/Developer/Platforms/MacOSX.platform/Developer/SDKs/MacOSX10.14.sdk";
				SWIFT_VERSION = 4.0;
			};
			name = Release;
		};
		OBJ_176 /* Debug */ = {
			isa = XCBuildConfiguration;
			buildSettings = {
				ENABLE_TESTABILITY = YES;
				FRAMEWORK_SEARCH_PATHS = (
					"$(inherited)",
					"$(PLATFORM_DIR)/Developer/Library/Frameworks",
				);
				HEADER_SEARCH_PATHS = "$(inherited)";
				INFOPLIST_FILE = Interplate.xcodeproj/Prelude_Info.plist;
				LD_RUNPATH_SEARCH_PATHS = "$(inherited) $(TOOLCHAIN_DIR)/usr/lib/swift/macosx";
				OTHER_CFLAGS = "$(inherited)";
				OTHER_LDFLAGS = "$(inherited)";
				OTHER_SWIFT_FLAGS = "$(inherited)";
				PRODUCT_BUNDLE_IDENTIFIER = Prelude;
				PRODUCT_MODULE_NAME = "$(TARGET_NAME:c99extidentifier)";
				PRODUCT_NAME = "$(TARGET_NAME:c99extidentifier)";
				SKIP_INSTALL = YES;
				SWIFT_ACTIVE_COMPILATION_CONDITIONS = "$(inherited)";
				SWIFT_VERSION = 4.2;
				TARGET_NAME = Prelude;
			};
			name = Debug;
		};
		OBJ_177 /* Release */ = {
			isa = XCBuildConfiguration;
			buildSettings = {
				ENABLE_TESTABILITY = YES;
				FRAMEWORK_SEARCH_PATHS = (
					"$(inherited)",
					"$(PLATFORM_DIR)/Developer/Library/Frameworks",
				);
				HEADER_SEARCH_PATHS = "$(inherited)";
				INFOPLIST_FILE = Interplate.xcodeproj/Prelude_Info.plist;
				LD_RUNPATH_SEARCH_PATHS = "$(inherited) $(TOOLCHAIN_DIR)/usr/lib/swift/macosx";
				OTHER_CFLAGS = "$(inherited)";
				OTHER_LDFLAGS = "$(inherited)";
				OTHER_SWIFT_FLAGS = "$(inherited)";
				PRODUCT_BUNDLE_IDENTIFIER = Prelude;
				PRODUCT_MODULE_NAME = "$(TARGET_NAME:c99extidentifier)";
				PRODUCT_NAME = "$(TARGET_NAME:c99extidentifier)";
				SKIP_INSTALL = YES;
				SWIFT_ACTIVE_COMPILATION_CONDITIONS = "$(inherited)";
				SWIFT_VERSION = 4.2;
				TARGET_NAME = Prelude;
			};
			name = Release;
		};
		OBJ_224 /* Debug */ = {
			isa = XCBuildConfiguration;
			buildSettings = {
				LD = /usr/bin/true;
				OTHER_SWIFT_FLAGS = "-swift-version 4.2 -I $(TOOLCHAIN_DIR)/usr/lib/swift/pm/4_2 -target x86_64-apple-macosx10.10 -sdk /Applications/Xcode.app/Contents/Developer/Platforms/MacOSX.platform/Developer/SDKs/MacOSX10.14.sdk";
				SWIFT_VERSION = 4.2;
			};
			name = Debug;
		};
		OBJ_225 /* Release */ = {
			isa = XCBuildConfiguration;
			buildSettings = {
				LD = /usr/bin/true;
				OTHER_SWIFT_FLAGS = "-swift-version 4.2 -I $(TOOLCHAIN_DIR)/usr/lib/swift/pm/4_2 -target x86_64-apple-macosx10.10 -sdk /Applications/Xcode.app/Contents/Developer/Platforms/MacOSX.platform/Developer/SDKs/MacOSX10.14.sdk";
				SWIFT_VERSION = 4.2;
			};
			name = Release;
		};
		OBJ_229 /* Debug */ = {
			isa = XCBuildConfiguration;
			buildSettings = {
				ENABLE_TESTABILITY = YES;
				FRAMEWORK_SEARCH_PATHS = (
					"$(inherited)",
					"$(PLATFORM_DIR)/Developer/Library/Frameworks",
				);
				HEADER_SEARCH_PATHS = "$(inherited)";
				INFOPLIST_FILE = Interplate.xcodeproj/Tagged_Info.plist;
				LD_RUNPATH_SEARCH_PATHS = "$(inherited) $(TOOLCHAIN_DIR)/usr/lib/swift/macosx";
				OTHER_CFLAGS = "$(inherited)";
				OTHER_LDFLAGS = "$(inherited)";
				OTHER_SWIFT_FLAGS = "$(inherited)";
				PRODUCT_BUNDLE_IDENTIFIER = Tagged;
				PRODUCT_MODULE_NAME = "$(TARGET_NAME:c99extidentifier)";
				PRODUCT_NAME = "$(TARGET_NAME:c99extidentifier)";
				SKIP_INSTALL = YES;
				SWIFT_ACTIVE_COMPILATION_CONDITIONS = "$(inherited)";
				SWIFT_VERSION = 4.2;
				TARGET_NAME = Tagged;
			};
			name = Debug;
		};
		OBJ_230 /* Release */ = {
			isa = XCBuildConfiguration;
			buildSettings = {
				ENABLE_TESTABILITY = YES;
				FRAMEWORK_SEARCH_PATHS = (
					"$(inherited)",
					"$(PLATFORM_DIR)/Developer/Library/Frameworks",
				);
				HEADER_SEARCH_PATHS = "$(inherited)";
				INFOPLIST_FILE = Interplate.xcodeproj/Tagged_Info.plist;
				LD_RUNPATH_SEARCH_PATHS = "$(inherited) $(TOOLCHAIN_DIR)/usr/lib/swift/macosx";
				OTHER_CFLAGS = "$(inherited)";
				OTHER_LDFLAGS = "$(inherited)";
				OTHER_SWIFT_FLAGS = "$(inherited)";
				PRODUCT_BUNDLE_IDENTIFIER = Tagged;
				PRODUCT_MODULE_NAME = "$(TARGET_NAME:c99extidentifier)";
				PRODUCT_NAME = "$(TARGET_NAME:c99extidentifier)";
				SKIP_INSTALL = YES;
				SWIFT_ACTIVE_COMPILATION_CONDITIONS = "$(inherited)";
				SWIFT_VERSION = 4.2;
				TARGET_NAME = Tagged;
			};
			name = Release;
		};
		OBJ_236 /* Debug */ = {
			isa = XCBuildConfiguration;
			buildSettings = {
				LD = /usr/bin/true;
				OTHER_SWIFT_FLAGS = "-swift-version 4.2 -I $(TOOLCHAIN_DIR)/usr/lib/swift/pm/4_2 -target x86_64-apple-macosx10.10 -sdk /Applications/Xcode.app/Contents/Developer/Platforms/MacOSX.platform/Developer/SDKs/MacOSX10.14.sdk";
				SWIFT_VERSION = 4.2;
			};
			name = Debug;
		};
		OBJ_237 /* Release */ = {
			isa = XCBuildConfiguration;
			buildSettings = {
				LD = /usr/bin/true;
				OTHER_SWIFT_FLAGS = "-swift-version 4.2 -I $(TOOLCHAIN_DIR)/usr/lib/swift/pm/4_2 -target x86_64-apple-macosx10.10 -sdk /Applications/Xcode.app/Contents/Developer/Platforms/MacOSX.platform/Developer/SDKs/MacOSX10.14.sdk";
				SWIFT_VERSION = 4.2;
			};
			name = Release;
		};
		OBJ_3 /* Debug */ = {
			isa = XCBuildConfiguration;
			buildSettings = {
				CLANG_ENABLE_OBJC_ARC = YES;
				COMBINE_HIDPI_IMAGES = YES;
				COPY_PHASE_STRIP = NO;
				DEBUG_INFORMATION_FORMAT = dwarf;
				DYLIB_INSTALL_NAME_BASE = "@rpath";
				ENABLE_NS_ASSERTIONS = YES;
				GCC_OPTIMIZATION_LEVEL = 0;
				GCC_PREPROCESSOR_DEFINITIONS = (
					"DEBUG=1",
					"$(inherited)",
				);
				MACOSX_DEPLOYMENT_TARGET = 10.10;
				ONLY_ACTIVE_ARCH = YES;
				OTHER_SWIFT_FLAGS = "-DXcode";
				PRODUCT_NAME = "$(TARGET_NAME)";
				SDKROOT = macosx;
				SUPPORTED_PLATFORMS = "macosx iphoneos iphonesimulator appletvos appletvsimulator watchos watchsimulator";
				SWIFT_ACTIVE_COMPILATION_CONDITIONS = "SWIFT_PACKAGE DEBUG";
				SWIFT_OPTIMIZATION_LEVEL = "-Onone";
				USE_HEADERMAP = NO;
			};
			name = Debug;
		};
		OBJ_4 /* Release */ = {
			isa = XCBuildConfiguration;
			buildSettings = {
				CLANG_ENABLE_OBJC_ARC = YES;
				COMBINE_HIDPI_IMAGES = YES;
				COPY_PHASE_STRIP = YES;
				DEBUG_INFORMATION_FORMAT = "dwarf-with-dsym";
				DYLIB_INSTALL_NAME_BASE = "@rpath";
				GCC_OPTIMIZATION_LEVEL = s;
				MACOSX_DEPLOYMENT_TARGET = 10.10;
				OTHER_SWIFT_FLAGS = "-DXcode";
				PRODUCT_NAME = "$(TARGET_NAME)";
				SDKROOT = macosx;
				SUPPORTED_PLATFORMS = "macosx iphoneos iphonesimulator appletvos appletvsimulator watchos watchsimulator";
				SWIFT_ACTIVE_COMPILATION_CONDITIONS = SWIFT_PACKAGE;
				SWIFT_OPTIMIZATION_LEVEL = "-Owholemodule";
				USE_HEADERMAP = NO;
			};
			name = Release;
		};
/* End XCBuildConfiguration section */

/* Begin XCConfigurationList section */
		OBJ_102 /* Build configuration list for PBXNativeTarget "Interplate" */ = {
			isa = XCConfigurationList;
			buildConfigurations = (
				OBJ_103 /* Debug */,
				OBJ_104 /* Release */,
			);
			defaultConfigurationIsVisible = 0;
			defaultConfigurationName = Release;
		};
		OBJ_123 /* Build configuration list for PBXNativeTarget "InterplatePackageDescription" */ = {
			isa = XCConfigurationList;
			buildConfigurations = (
				OBJ_124 /* Debug */,
				OBJ_125 /* Release */,
			);
			defaultConfigurationIsVisible = 0;
			defaultConfigurationName = Release;
		};
		OBJ_129 /* Build configuration list for PBXAggregateTarget "InterplatePackageTests" */ = {
			isa = XCConfigurationList;
			buildConfigurations = (
				OBJ_130 /* Debug */,
				OBJ_131 /* Release */,
			);
			defaultConfigurationIsVisible = 0;
			defaultConfigurationName = Release;
		};
		OBJ_134 /* Build configuration list for PBXNativeTarget "InterplateTests" */ = {
			isa = XCConfigurationList;
			buildConfigurations = (
				OBJ_135 /* Debug */,
				OBJ_136 /* Release */,
			);
			defaultConfigurationIsVisible = 0;
			defaultConfigurationName = Release;
		};
		OBJ_149 /* Build configuration list for PBXNativeTarget "NonEmpty" */ = {
			isa = XCConfigurationList;
			buildConfigurations = (
				OBJ_150 /* Debug */,
				OBJ_151 /* Release */,
			);
			defaultConfigurationIsVisible = 0;
			defaultConfigurationName = Release;
		};
		OBJ_170 /* Build configuration list for PBXNativeTarget "NonEmptyPackageDescription" */ = {
			isa = XCConfigurationList;
			buildConfigurations = (
				OBJ_171 /* Debug */,
				OBJ_172 /* Release */,
			);
			defaultConfigurationIsVisible = 0;
			defaultConfigurationName = Release;
		};
		OBJ_175 /* Build configuration list for PBXNativeTarget "Prelude" */ = {
			isa = XCConfigurationList;
			buildConfigurations = (
				OBJ_176 /* Debug */,
				OBJ_177 /* Release */,
			);
			defaultConfigurationIsVisible = 0;
			defaultConfigurationName = Release;
		};
		OBJ_2 /* Build configuration list for PBXProject "Interplate" */ = {
			isa = XCConfigurationList;
			buildConfigurations = (
				OBJ_3 /* Debug */,
				OBJ_4 /* Release */,
			);
			defaultConfigurationIsVisible = 0;
			defaultConfigurationName = Release;
		};
		OBJ_223 /* Build configuration list for PBXNativeTarget "PreludePackageDescription" */ = {
			isa = XCConfigurationList;
			buildConfigurations = (
				OBJ_224 /* Debug */,
				OBJ_225 /* Release */,
			);
			defaultConfigurationIsVisible = 0;
			defaultConfigurationName = Release;
		};
		OBJ_228 /* Build configuration list for PBXNativeTarget "Tagged" */ = {
			isa = XCConfigurationList;
			buildConfigurations = (
				OBJ_229 /* Debug */,
				OBJ_230 /* Release */,
			);
			defaultConfigurationIsVisible = 0;
			defaultConfigurationName = Release;
		};
		OBJ_235 /* Build configuration list for PBXNativeTarget "TaggedPackageDescription" */ = {
			isa = XCConfigurationList;
			buildConfigurations = (
				OBJ_236 /* Debug */,
				OBJ_237 /* Release */,
			);
			defaultConfigurationIsVisible = 0;
			defaultConfigurationName = Release;
		};
/* End XCConfigurationList section */
	};
	rootObject = OBJ_1 /* Project object */;
}
