// !$*UTF8*$!
{
   archiveVersion = "1";
   objectVersion = "46";
   objects = {
      "Interplate::Interplate" = {
         isa = "PBXNativeTarget";
         buildConfigurationList = "OBJ_99";
         buildPhases = (
            "OBJ_102",
            "OBJ_107"
         );
         dependencies = (
            "OBJ_111",
            "OBJ_113",
            "OBJ_115"
         );
         name = "Interplate";
         productName = "Interplate";
         productReference = "Interplate::Interplate::Product";
         productType = "com.apple.product-type.framework";
      };
      "Interplate::Interplate::Product" = {
         isa = "PBXFileReference";
         path = "Interplate.framework";
         sourceTree = "BUILT_PRODUCTS_DIR";
      };
      "Interplate::InterplatePackageTests::ProductTarget" = {
         isa = "PBXAggregateTarget";
         buildConfigurationList = "OBJ_124";
         buildPhases = (
         );
         dependencies = (
            "OBJ_127"
         );
         name = "InterplatePackageTests";
         productName = "InterplatePackageTests";
      };
      "Interplate::InterplateTests" = {
         isa = "PBXNativeTarget";
         buildConfigurationList = "OBJ_129";
         buildPhases = (
            "OBJ_132",
            "OBJ_135"
         );
         dependencies = (
            "OBJ_140",
            "OBJ_141",
            "OBJ_142",
            "OBJ_143"
         );
         name = "InterplateTests";
         productName = "InterplateTests";
         productReference = "Interplate::InterplateTests::Product";
         productType = "com.apple.product-type.bundle.unit-test";
      };
      "Interplate::InterplateTests::Product" = {
         isa = "PBXFileReference";
         path = "InterplateTests.xctest";
         sourceTree = "BUILT_PRODUCTS_DIR";
      };
      "Interplate::SwiftPMPackageDescription" = {
         isa = "PBXNativeTarget";
         buildConfigurationList = "OBJ_118";
         buildPhases = (
            "OBJ_121"
         );
         dependencies = (
         );
         name = "InterplatePackageDescription";
         productName = "InterplatePackageDescription";
         productType = "com.apple.product-type.framework";
      };
      "NonEmpty::NonEmpty" = {
         isa = "PBXNativeTarget";
         buildConfigurationList = "OBJ_144";
         buildPhases = (
            "OBJ_147",
            "OBJ_163"
         );
         dependencies = (
         );
         name = "NonEmpty";
         productName = "NonEmpty";
         productReference = "NonEmpty::NonEmpty::Product";
         productType = "com.apple.product-type.framework";
      };
      "NonEmpty::NonEmpty::Product" = {
         isa = "PBXFileReference";
         path = "NonEmpty.framework";
         sourceTree = "BUILT_PRODUCTS_DIR";
      };
      "NonEmpty::SwiftPMPackageDescription" = {
         isa = "PBXNativeTarget";
         buildConfigurationList = "OBJ_165";
         buildPhases = (
            "OBJ_168"
         );
         dependencies = (
         );
         name = "NonEmptyPackageDescription";
         productName = "NonEmptyPackageDescription";
         productType = "com.apple.product-type.framework";
      };
      "OBJ_1" = {
         isa = "PBXProject";
         attributes = {
            LastSwiftMigration = "9999";
            LastUpgradeCheck = "9999";
         };
         buildConfigurationList = "OBJ_2";
         compatibilityVersion = "Xcode 3.2";
         developmentRegion = "English";
         hasScannedForEncodings = "0";
         knownRegions = (
            "en"
         );
         mainGroup = "OBJ_5";
         productRefGroup = "OBJ_90";
         projectDirPath = ".";
         targets = (
            "Interplate::Interplate",
            "Interplate::SwiftPMPackageDescription",
            "Interplate::InterplatePackageTests::ProductTarget",
            "Interplate::InterplateTests",
            "NonEmpty::NonEmpty",
            "NonEmpty::SwiftPMPackageDescription",
            "Prelude::Prelude",
            "Prelude::SwiftPMPackageDescription",
            "Tagged::Tagged",
            "Tagged::SwiftPMPackageDescription"
         );
      };
      "OBJ_10" = {
         isa = "PBXFileReference";
         path = "Parser.swift";
         sourceTree = "<group>";
      };
      "OBJ_100" = {
         isa = "XCBuildConfiguration";
         buildSettings = {
            ENABLE_TESTABILITY = "YES";
            FRAMEWORK_SEARCH_PATHS = (
               "$(inherited)",
               "$(PLATFORM_DIR)/Developer/Library/Frameworks"
            );
            HEADER_SEARCH_PATHS = (
               "$(inherited)"
            );
            INFOPLIST_FILE = "Interplate.xcodeproj/Interplate_Info.plist";
            IPHONEOS_DEPLOYMENT_TARGET = "8.0";
            LD_RUNPATH_SEARCH_PATHS = (
               "$(inherited)",
               "$(TOOLCHAIN_DIR)/usr/lib/swift/macosx"
            );
            MACOSX_DEPLOYMENT_TARGET = "10.10";
            OTHER_CFLAGS = (
               "$(inherited)"
            );
            OTHER_LDFLAGS = (
               "$(inherited)"
            );
            OTHER_SWIFT_FLAGS = (
               "$(inherited)"
            );
            PRODUCT_BUNDLE_IDENTIFIER = "Interplate";
            PRODUCT_MODULE_NAME = "$(TARGET_NAME:c99extidentifier)";
            PRODUCT_NAME = "$(TARGET_NAME:c99extidentifier)";
            SKIP_INSTALL = "YES";
            SWIFT_ACTIVE_COMPILATION_CONDITIONS = (
               "$(inherited)"
            );
            SWIFT_VERSION = "4.2";
            TARGET_NAME = "Interplate";
            TVOS_DEPLOYMENT_TARGET = "9.0";
            WATCHOS_DEPLOYMENT_TARGET = "2.0";
         };
         name = "Debug";
      };
      "OBJ_101" = {
         isa = "XCBuildConfiguration";
         buildSettings = {
            ENABLE_TESTABILITY = "YES";
            FRAMEWORK_SEARCH_PATHS = (
               "$(inherited)",
               "$(PLATFORM_DIR)/Developer/Library/Frameworks"
            );
            HEADER_SEARCH_PATHS = (
               "$(inherited)"
            );
            INFOPLIST_FILE = "Interplate.xcodeproj/Interplate_Info.plist";
            IPHONEOS_DEPLOYMENT_TARGET = "8.0";
            LD_RUNPATH_SEARCH_PATHS = (
               "$(inherited)",
               "$(TOOLCHAIN_DIR)/usr/lib/swift/macosx"
            );
            MACOSX_DEPLOYMENT_TARGET = "10.10";
            OTHER_CFLAGS = (
               "$(inherited)"
            );
            OTHER_LDFLAGS = (
               "$(inherited)"
            );
            OTHER_SWIFT_FLAGS = (
               "$(inherited)"
            );
            PRODUCT_BUNDLE_IDENTIFIER = "Interplate";
            PRODUCT_MODULE_NAME = "$(TARGET_NAME:c99extidentifier)";
            PRODUCT_NAME = "$(TARGET_NAME:c99extidentifier)";
            SKIP_INSTALL = "YES";
            SWIFT_ACTIVE_COMPILATION_CONDITIONS = (
               "$(inherited)"
            );
            SWIFT_VERSION = "4.2";
            TARGET_NAME = "Interplate";
            TVOS_DEPLOYMENT_TARGET = "9.0";
            WATCHOS_DEPLOYMENT_TARGET = "2.0";
         };
         name = "Release";
      };
      "OBJ_102" = {
         isa = "PBXSourcesBuildPhase";
         files = (
            "OBJ_103",
            "OBJ_104",
            "OBJ_105",
            "OBJ_106"
         );
      };
      "OBJ_103" = {
         isa = "PBXBuildFile";
         fileRef = "OBJ_9";
      };
      "OBJ_104" = {
         isa = "PBXBuildFile";
         fileRef = "OBJ_10";
      };
      "OBJ_105" = {
         isa = "PBXBuildFile";
         fileRef = "OBJ_11";
      };
      "OBJ_106" = {
         isa = "PBXBuildFile";
         fileRef = "OBJ_12";
      };
      "OBJ_107" = {
         isa = "PBXFrameworksBuildPhase";
         files = (
            "OBJ_108",
            "OBJ_109",
            "OBJ_110"
         );
      };
      "OBJ_108" = {
         isa = "PBXBuildFile";
         fileRef = "Prelude::Prelude::Product";
      };
      "OBJ_109" = {
         isa = "PBXBuildFile";
         fileRef = "Tagged::Tagged::Product";
      };
      "OBJ_11" = {
         isa = "PBXFileReference";
         path = "PartialIso.swift";
         sourceTree = "<group>";
      };
      "OBJ_110" = {
         isa = "PBXBuildFile";
         fileRef = "NonEmpty::NonEmpty::Product";
      };
      "OBJ_111" = {
         isa = "PBXTargetDependency";
         target = "Prelude::Prelude";
      };
      "OBJ_113" = {
         isa = "PBXTargetDependency";
         target = "Tagged::Tagged";
      };
      "OBJ_115" = {
         isa = "PBXTargetDependency";
         target = "NonEmpty::NonEmpty";
      };
      "OBJ_118" = {
         isa = "XCConfigurationList";
         buildConfigurations = (
            "OBJ_119",
            "OBJ_120"
         );
         defaultConfigurationIsVisible = "0";
         defaultConfigurationName = "Release";
      };
      "OBJ_119" = {
         isa = "XCBuildConfiguration";
         buildSettings = {
            LD = "/usr/bin/true";
            OTHER_SWIFT_FLAGS = (
               "-swift-version",
               "4.2",
               "-I",
               "$(TOOLCHAIN_DIR)/usr/lib/swift/pm/4_2",
               "-target",
               "x86_64-apple-macosx10.10",
               "-sdk",
               "/Applications/Xcode.app/Contents/Developer/Platforms/MacOSX.platform/Developer/SDKs/MacOSX10.14.sdk"
            );
            SWIFT_VERSION = "4.2";
         };
         name = "Debug";
      };
      "OBJ_12" = {
         isa = "PBXFileReference";
         path = "Template.swift";
         sourceTree = "<group>";
      };
      "OBJ_120" = {
         isa = "XCBuildConfiguration";
         buildSettings = {
            LD = "/usr/bin/true";
            OTHER_SWIFT_FLAGS = (
               "-swift-version",
               "4.2",
               "-I",
               "$(TOOLCHAIN_DIR)/usr/lib/swift/pm/4_2",
               "-target",
               "x86_64-apple-macosx10.10",
               "-sdk",
               "/Applications/Xcode.app/Contents/Developer/Platforms/MacOSX.platform/Developer/SDKs/MacOSX10.14.sdk"
            );
            SWIFT_VERSION = "4.2";
         };
         name = "Release";
      };
      "OBJ_121" = {
         isa = "PBXSourcesBuildPhase";
         files = (
            "OBJ_122"
         );
      };
      "OBJ_122" = {
         isa = "PBXBuildFile";
         fileRef = "OBJ_6";
      };
      "OBJ_124" = {
         isa = "XCConfigurationList";
         buildConfigurations = (
            "OBJ_125",
            "OBJ_126"
         );
         defaultConfigurationIsVisible = "0";
         defaultConfigurationName = "Release";
      };
      "OBJ_125" = {
         isa = "XCBuildConfiguration";
         buildSettings = {
         };
         name = "Debug";
      };
      "OBJ_126" = {
         isa = "XCBuildConfiguration";
         buildSettings = {
         };
         name = "Release";
      };
      "OBJ_127" = {
         isa = "PBXTargetDependency";
         target = "Interplate::InterplateTests";
      };
      "OBJ_129" = {
         isa = "XCConfigurationList";
         buildConfigurations = (
            "OBJ_130",
            "OBJ_131"
         );
         defaultConfigurationIsVisible = "0";
         defaultConfigurationName = "Release";
      };
      "OBJ_13" = {
         isa = "PBXGroup";
         children = (
            "OBJ_14"
         );
         name = "Tests";
         path = "";
         sourceTree = "SOURCE_ROOT";
      };
      "OBJ_130" = {
         isa = "XCBuildConfiguration";
         buildSettings = {
            CLANG_ENABLE_MODULES = "YES";
            EMBEDDED_CONTENT_CONTAINS_SWIFT = "YES";
            FRAMEWORK_SEARCH_PATHS = (
               "$(inherited)",
               "$(PLATFORM_DIR)/Developer/Library/Frameworks"
            );
            HEADER_SEARCH_PATHS = (
               "$(inherited)"
            );
            INFOPLIST_FILE = "Interplate.xcodeproj/InterplateTests_Info.plist";
            IPHONEOS_DEPLOYMENT_TARGET = "8.0";
            LD_RUNPATH_SEARCH_PATHS = (
               "$(inherited)",
               "@loader_path/../Frameworks",
               "@loader_path/Frameworks"
            );
            MACOSX_DEPLOYMENT_TARGET = "10.10";
            OTHER_CFLAGS = (
               "$(inherited)"
            );
            OTHER_LDFLAGS = (
               "$(inherited)"
            );
            OTHER_SWIFT_FLAGS = (
               "$(inherited)"
            );
            SWIFT_ACTIVE_COMPILATION_CONDITIONS = (
               "$(inherited)"
            );
            SWIFT_VERSION = "4.2";
            TARGET_NAME = "InterplateTests";
            TVOS_DEPLOYMENT_TARGET = "9.0";
            WATCHOS_DEPLOYMENT_TARGET = "2.0";
         };
         name = "Debug";
      };
      "OBJ_131" = {
         isa = "XCBuildConfiguration";
         buildSettings = {
            CLANG_ENABLE_MODULES = "YES";
            EMBEDDED_CONTENT_CONTAINS_SWIFT = "YES";
            FRAMEWORK_SEARCH_PATHS = (
               "$(inherited)",
               "$(PLATFORM_DIR)/Developer/Library/Frameworks"
            );
            HEADER_SEARCH_PATHS = (
               "$(inherited)"
            );
            INFOPLIST_FILE = "Interplate.xcodeproj/InterplateTests_Info.plist";
            IPHONEOS_DEPLOYMENT_TARGET = "8.0";
            LD_RUNPATH_SEARCH_PATHS = (
               "$(inherited)",
               "@loader_path/../Frameworks",
               "@loader_path/Frameworks"
            );
            MACOSX_DEPLOYMENT_TARGET = "10.10";
            OTHER_CFLAGS = (
               "$(inherited)"
            );
            OTHER_LDFLAGS = (
               "$(inherited)"
            );
            OTHER_SWIFT_FLAGS = (
               "$(inherited)"
            );
            SWIFT_ACTIVE_COMPILATION_CONDITIONS = (
               "$(inherited)"
            );
            SWIFT_VERSION = "4.2";
            TARGET_NAME = "InterplateTests";
            TVOS_DEPLOYMENT_TARGET = "9.0";
            WATCHOS_DEPLOYMENT_TARGET = "2.0";
         };
         name = "Release";
      };
      "OBJ_132" = {
         isa = "PBXSourcesBuildPhase";
         files = (
            "OBJ_133",
            "OBJ_134"
         );
      };
      "OBJ_133" = {
         isa = "PBXBuildFile";
         fileRef = "OBJ_15";
      };
      "OBJ_134" = {
         isa = "PBXBuildFile";
         fileRef = "OBJ_16";
      };
      "OBJ_135" = {
         isa = "PBXFrameworksBuildPhase";
         files = (
            "OBJ_136",
            "OBJ_137",
            "OBJ_138",
            "OBJ_139"
         );
      };
      "OBJ_136" = {
         isa = "PBXBuildFile";
         fileRef = "Interplate::Interplate::Product";
      };
      "OBJ_137" = {
         isa = "PBXBuildFile";
         fileRef = "Prelude::Prelude::Product";
      };
      "OBJ_138" = {
         isa = "PBXBuildFile";
         fileRef = "Tagged::Tagged::Product";
      };
      "OBJ_139" = {
         isa = "PBXBuildFile";
         fileRef = "NonEmpty::NonEmpty::Product";
      };
      "OBJ_14" = {
         isa = "PBXGroup";
         children = (
            "OBJ_15",
            "OBJ_16"
         );
         name = "InterplateTests";
         path = "Tests/InterplateTests";
         sourceTree = "SOURCE_ROOT";
      };
      "OBJ_140" = {
         isa = "PBXTargetDependency";
         target = "Interplate::Interplate";
      };
      "OBJ_141" = {
         isa = "PBXTargetDependency";
         target = "Prelude::Prelude";
      };
      "OBJ_142" = {
         isa = "PBXTargetDependency";
         target = "Tagged::Tagged";
      };
      "OBJ_143" = {
         isa = "PBXTargetDependency";
         target = "NonEmpty::NonEmpty";
      };
      "OBJ_144" = {
         isa = "XCConfigurationList";
         buildConfigurations = (
            "OBJ_145",
            "OBJ_146"
         );
         defaultConfigurationIsVisible = "0";
         defaultConfigurationName = "Release";
      };
      "OBJ_145" = {
         isa = "XCBuildConfiguration";
         buildSettings = {
            ENABLE_TESTABILITY = "YES";
            FRAMEWORK_SEARCH_PATHS = (
               "$(inherited)",
               "$(PLATFORM_DIR)/Developer/Library/Frameworks"
            );
            HEADER_SEARCH_PATHS = (
               "$(inherited)"
            );
            INFOPLIST_FILE = "Interplate.xcodeproj/NonEmpty_Info.plist";
            IPHONEOS_DEPLOYMENT_TARGET = "8.0";
            LD_RUNPATH_SEARCH_PATHS = (
               "$(inherited)",
               "$(TOOLCHAIN_DIR)/usr/lib/swift/macosx"
            );
            MACOSX_DEPLOYMENT_TARGET = "10.10";
            OTHER_CFLAGS = (
               "$(inherited)"
            );
            OTHER_LDFLAGS = (
               "$(inherited)"
            );
            OTHER_SWIFT_FLAGS = (
               "$(inherited)"
            );
            PRODUCT_BUNDLE_IDENTIFIER = "NonEmpty";
            PRODUCT_MODULE_NAME = "$(TARGET_NAME:c99extidentifier)";
            PRODUCT_NAME = "$(TARGET_NAME:c99extidentifier)";
            SKIP_INSTALL = "YES";
            SWIFT_ACTIVE_COMPILATION_CONDITIONS = (
               "$(inherited)"
            );
            SWIFT_VERSION = "4.0";
            TARGET_NAME = "NonEmpty";
            TVOS_DEPLOYMENT_TARGET = "9.0";
            WATCHOS_DEPLOYMENT_TARGET = "2.0";
         };
         name = "Debug";
      };
      "OBJ_146" = {
         isa = "XCBuildConfiguration";
         buildSettings = {
            ENABLE_TESTABILITY = "YES";
            FRAMEWORK_SEARCH_PATHS = (
               "$(inherited)",
               "$(PLATFORM_DIR)/Developer/Library/Frameworks"
            );
            HEADER_SEARCH_PATHS = (
               "$(inherited)"
            );
            INFOPLIST_FILE = "Interplate.xcodeproj/NonEmpty_Info.plist";
            IPHONEOS_DEPLOYMENT_TARGET = "8.0";
            LD_RUNPATH_SEARCH_PATHS = (
               "$(inherited)",
               "$(TOOLCHAIN_DIR)/usr/lib/swift/macosx"
            );
            MACOSX_DEPLOYMENT_TARGET = "10.10";
            OTHER_CFLAGS = (
               "$(inherited)"
            );
            OTHER_LDFLAGS = (
               "$(inherited)"
            );
            OTHER_SWIFT_FLAGS = (
               "$(inherited)"
            );
            PRODUCT_BUNDLE_IDENTIFIER = "NonEmpty";
            PRODUCT_MODULE_NAME = "$(TARGET_NAME:c99extidentifier)";
            PRODUCT_NAME = "$(TARGET_NAME:c99extidentifier)";
            SKIP_INSTALL = "YES";
            SWIFT_ACTIVE_COMPILATION_CONDITIONS = (
               "$(inherited)"
            );
            SWIFT_VERSION = "4.0";
            TARGET_NAME = "NonEmpty";
            TVOS_DEPLOYMENT_TARGET = "9.0";
            WATCHOS_DEPLOYMENT_TARGET = "2.0";
         };
         name = "Release";
      };
      "OBJ_147" = {
         isa = "PBXSourcesBuildPhase";
         files = (
            "OBJ_148",
            "OBJ_149",
            "OBJ_150",
            "OBJ_151",
            "OBJ_152",
            "OBJ_153",
            "OBJ_154",
            "OBJ_155",
            "OBJ_156",
            "OBJ_157",
            "OBJ_158",
            "OBJ_159",
            "OBJ_160",
            "OBJ_161",
            "OBJ_162"
         );
      };
      "OBJ_148" = {
         isa = "PBXBuildFile";
         fileRef = "OBJ_74";
      };
      "OBJ_149" = {
         isa = "PBXBuildFile";
         fileRef = "OBJ_75";
      };
      "OBJ_15" = {
         isa = "PBXFileReference";
         path = "InterplateTests.swift";
         sourceTree = "<group>";
      };
      "OBJ_150" = {
         isa = "PBXBuildFile";
         fileRef = "OBJ_76";
      };
      "OBJ_151" = {
         isa = "PBXBuildFile";
         fileRef = "OBJ_77";
      };
      "OBJ_152" = {
         isa = "PBXBuildFile";
         fileRef = "OBJ_78";
      };
      "OBJ_153" = {
         isa = "PBXBuildFile";
         fileRef = "OBJ_79";
      };
      "OBJ_154" = {
         isa = "PBXBuildFile";
         fileRef = "OBJ_80";
      };
      "OBJ_155" = {
         isa = "PBXBuildFile";
         fileRef = "OBJ_81";
      };
      "OBJ_156" = {
         isa = "PBXBuildFile";
         fileRef = "OBJ_82";
      };
      "OBJ_157" = {
         isa = "PBXBuildFile";
         fileRef = "OBJ_83";
      };
      "OBJ_158" = {
         isa = "PBXBuildFile";
         fileRef = "OBJ_84";
      };
      "OBJ_159" = {
         isa = "PBXBuildFile";
         fileRef = "OBJ_85";
      };
      "OBJ_16" = {
         isa = "PBXFileReference";
         path = "XCTestManifests.swift";
         sourceTree = "<group>";
      };
      "OBJ_160" = {
         isa = "PBXBuildFile";
         fileRef = "OBJ_86";
      };
      "OBJ_161" = {
         isa = "PBXBuildFile";
         fileRef = "OBJ_87";
      };
      "OBJ_162" = {
         isa = "PBXBuildFile";
         fileRef = "OBJ_88";
      };
      "OBJ_163" = {
         isa = "PBXFrameworksBuildPhase";
         files = (
         );
      };
      "OBJ_165" = {
         isa = "XCConfigurationList";
         buildConfigurations = (
            "OBJ_166",
            "OBJ_167"
         );
         defaultConfigurationIsVisible = "0";
         defaultConfigurationName = "Release";
      };
      "OBJ_166" = {
         isa = "XCBuildConfiguration";
         buildSettings = {
            LD = "/usr/bin/true";
            OTHER_SWIFT_FLAGS = (
               "-swift-version",
               "4",
               "-I",
               "$(TOOLCHAIN_DIR)/usr/lib/swift/pm/4",
               "-target",
               "x86_64-apple-macosx10.10",
               "-sdk",
               "/Applications/Xcode.app/Contents/Developer/Platforms/MacOSX.platform/Developer/SDKs/MacOSX10.14.sdk"
            );
            SWIFT_VERSION = "4.0";
         };
         name = "Debug";
      };
      "OBJ_167" = {
         isa = "XCBuildConfiguration";
         buildSettings = {
            LD = "/usr/bin/true";
            OTHER_SWIFT_FLAGS = (
               "-swift-version",
               "4",
               "-I",
               "$(TOOLCHAIN_DIR)/usr/lib/swift/pm/4",
               "-target",
               "x86_64-apple-macosx10.10",
               "-sdk",
               "/Applications/Xcode.app/Contents/Developer/Platforms/MacOSX.platform/Developer/SDKs/MacOSX10.14.sdk"
            );
            SWIFT_VERSION = "4.0";
         };
         name = "Release";
      };
      "OBJ_168" = {
         isa = "PBXSourcesBuildPhase";
         files = (
            "OBJ_169"
         );
      };
      "OBJ_169" = {
         isa = "PBXBuildFile";
         fileRef = "OBJ_89";
      };
      "OBJ_17" = {
         isa = "PBXGroup";
         children = (
            "OBJ_18",
            "OBJ_68",
            "OBJ_72"
         );
         name = "Dependencies";
         path = "";
         sourceTree = "<group>";
      };
      "OBJ_170" = {
         isa = "XCConfigurationList";
         buildConfigurations = (
            "OBJ_171",
            "OBJ_172"
         );
         defaultConfigurationIsVisible = "0";
         defaultConfigurationName = "Release";
      };
      "OBJ_171" = {
         isa = "XCBuildConfiguration";
         buildSettings = {
            ENABLE_TESTABILITY = "YES";
            FRAMEWORK_SEARCH_PATHS = (
               "$(inherited)",
               "$(PLATFORM_DIR)/Developer/Library/Frameworks"
            );
            HEADER_SEARCH_PATHS = (
               "$(inherited)"
            );
            INFOPLIST_FILE = "Interplate.xcodeproj/Prelude_Info.plist";
            IPHONEOS_DEPLOYMENT_TARGET = "8.0";
            LD_RUNPATH_SEARCH_PATHS = (
               "$(inherited)",
               "$(TOOLCHAIN_DIR)/usr/lib/swift/macosx"
            );
            MACOSX_DEPLOYMENT_TARGET = "10.10";
            OTHER_CFLAGS = (
               "$(inherited)"
            );
            OTHER_LDFLAGS = (
               "$(inherited)"
            );
            OTHER_SWIFT_FLAGS = (
               "$(inherited)"
            );
            PRODUCT_BUNDLE_IDENTIFIER = "Prelude";
            PRODUCT_MODULE_NAME = "$(TARGET_NAME:c99extidentifier)";
            PRODUCT_NAME = "$(TARGET_NAME:c99extidentifier)";
            SKIP_INSTALL = "YES";
            SWIFT_ACTIVE_COMPILATION_CONDITIONS = (
               "$(inherited)"
            );
            SWIFT_VERSION = "4.2";
            TARGET_NAME = "Prelude";
            TVOS_DEPLOYMENT_TARGET = "9.0";
            WATCHOS_DEPLOYMENT_TARGET = "2.0";
         };
         name = "Debug";
      };
      "OBJ_172" = {
         isa = "XCBuildConfiguration";
         buildSettings = {
            ENABLE_TESTABILITY = "YES";
            FRAMEWORK_SEARCH_PATHS = (
               "$(inherited)",
               "$(PLATFORM_DIR)/Developer/Library/Frameworks"
            );
            HEADER_SEARCH_PATHS = (
               "$(inherited)"
            );
            INFOPLIST_FILE = "Interplate.xcodeproj/Prelude_Info.plist";
            IPHONEOS_DEPLOYMENT_TARGET = "8.0";
            LD_RUNPATH_SEARCH_PATHS = (
               "$(inherited)",
               "$(TOOLCHAIN_DIR)/usr/lib/swift/macosx"
            );
            MACOSX_DEPLOYMENT_TARGET = "10.10";
            OTHER_CFLAGS = (
               "$(inherited)"
            );
            OTHER_LDFLAGS = (
               "$(inherited)"
            );
            OTHER_SWIFT_FLAGS = (
               "$(inherited)"
            );
            PRODUCT_BUNDLE_IDENTIFIER = "Prelude";
            PRODUCT_MODULE_NAME = "$(TARGET_NAME:c99extidentifier)";
            PRODUCT_NAME = "$(TARGET_NAME:c99extidentifier)";
            SKIP_INSTALL = "YES";
            SWIFT_ACTIVE_COMPILATION_CONDITIONS = (
               "$(inherited)"
            );
            SWIFT_VERSION = "4.2";
            TARGET_NAME = "Prelude";
            TVOS_DEPLOYMENT_TARGET = "9.0";
            WATCHOS_DEPLOYMENT_TARGET = "2.0";
         };
         name = "Release";
      };
      "OBJ_173" = {
         isa = "PBXSourcesBuildPhase";
         files = (
            "OBJ_174",
            "OBJ_175",
            "OBJ_176",
            "OBJ_177",
            "OBJ_178",
            "OBJ_179",
            "OBJ_180",
            "OBJ_181",
            "OBJ_182",
            "OBJ_183",
            "OBJ_184",
            "OBJ_185",
            "OBJ_186",
            "OBJ_187",
            "OBJ_188",
            "OBJ_189",
            "OBJ_190",
            "OBJ_191",
            "OBJ_192",
            "OBJ_193",
            "OBJ_194",
            "OBJ_195",
            "OBJ_196",
            "OBJ_197",
            "OBJ_198",
            "OBJ_199",
            "OBJ_200",
            "OBJ_201",
            "OBJ_202",
            "OBJ_203",
            "OBJ_204",
            "OBJ_205",
            "OBJ_206",
            "OBJ_207",
            "OBJ_208",
            "OBJ_209",
            "OBJ_210",
            "OBJ_211"
         );
      };
      "OBJ_174" = {
         isa = "PBXBuildFile";
         fileRef = "OBJ_23";
      };
      "OBJ_175" = {
         isa = "PBXBuildFile";
         fileRef = "OBJ_24";
      };
      "OBJ_176" = {
         isa = "PBXBuildFile";
         fileRef = "OBJ_25";
      };
      "OBJ_177" = {
         isa = "PBXBuildFile";
         fileRef = "OBJ_26";
      };
      "OBJ_178" = {
         isa = "PBXBuildFile";
         fileRef = "OBJ_27";
      };
      "OBJ_179" = {
         isa = "PBXBuildFile";
         fileRef = "OBJ_28";
      };
      "OBJ_18" = {
         isa = "PBXGroup";
         children = (
            "OBJ_19",
            "OBJ_20",
            "OBJ_21",
            "OBJ_22",
            "OBJ_61",
            "OBJ_62",
            "OBJ_63",
            "OBJ_64",
            "OBJ_65",
            "OBJ_66",
            "OBJ_67"
         );
         name = "Prelude";
         path = "";
         sourceTree = "SOURCE_ROOT";
      };
      "OBJ_180" = {
         isa = "PBXBuildFile";
         fileRef = "OBJ_29";
      };
      "OBJ_181" = {
         isa = "PBXBuildFile";
         fileRef = "OBJ_30";
      };
      "OBJ_182" = {
         isa = "PBXBuildFile";
         fileRef = "OBJ_31";
      };
      "OBJ_183" = {
         isa = "PBXBuildFile";
         fileRef = "OBJ_32";
      };
      "OBJ_184" = {
         isa = "PBXBuildFile";
         fileRef = "OBJ_33";
      };
      "OBJ_185" = {
         isa = "PBXBuildFile";
         fileRef = "OBJ_34";
      };
      "OBJ_186" = {
         isa = "PBXBuildFile";
         fileRef = "OBJ_35";
      };
      "OBJ_187" = {
         isa = "PBXBuildFile";
         fileRef = "OBJ_36";
      };
      "OBJ_188" = {
         isa = "PBXBuildFile";
         fileRef = "OBJ_37";
      };
      "OBJ_189" = {
         isa = "PBXBuildFile";
         fileRef = "OBJ_38";
      };
      "OBJ_19" = {
         isa = "PBXGroup";
         children = (
         );
         name = "Either";
         path = ".build/checkouts/swift-prelude-82eb66ca/Sources/Either";
         sourceTree = "SOURCE_ROOT";
      };
      "OBJ_190" = {
         isa = "PBXBuildFile";
         fileRef = "OBJ_39";
      };
      "OBJ_191" = {
         isa = "PBXBuildFile";
         fileRef = "OBJ_40";
      };
      "OBJ_192" = {
         isa = "PBXBuildFile";
         fileRef = "OBJ_41";
      };
      "OBJ_193" = {
         isa = "PBXBuildFile";
         fileRef = "OBJ_42";
      };
      "OBJ_194" = {
         isa = "PBXBuildFile";
         fileRef = "OBJ_43";
      };
      "OBJ_195" = {
         isa = "PBXBuildFile";
         fileRef = "OBJ_44";
      };
      "OBJ_196" = {
         isa = "PBXBuildFile";
         fileRef = "OBJ_45";
      };
      "OBJ_197" = {
         isa = "PBXBuildFile";
         fileRef = "OBJ_46";
      };
      "OBJ_198" = {
         isa = "PBXBuildFile";
         fileRef = "OBJ_47";
      };
      "OBJ_199" = {
         isa = "PBXBuildFile";
         fileRef = "OBJ_48";
      };
      "OBJ_2" = {
         isa = "XCConfigurationList";
         buildConfigurations = (
            "OBJ_3",
            "OBJ_4"
         );
         defaultConfigurationIsVisible = "0";
         defaultConfigurationName = "Release";
      };
      "OBJ_20" = {
         isa = "PBXGroup";
         children = (
         );
         name = "Frp";
         path = ".build/checkouts/swift-prelude-82eb66ca/Sources/Frp";
         sourceTree = "SOURCE_ROOT";
      };
      "OBJ_200" = {
         isa = "PBXBuildFile";
         fileRef = "OBJ_49";
      };
      "OBJ_201" = {
         isa = "PBXBuildFile";
         fileRef = "OBJ_50";
      };
      "OBJ_202" = {
         isa = "PBXBuildFile";
         fileRef = "OBJ_51";
      };
      "OBJ_203" = {
         isa = "PBXBuildFile";
         fileRef = "OBJ_52";
      };
      "OBJ_204" = {
         isa = "PBXBuildFile";
         fileRef = "OBJ_53";
      };
      "OBJ_205" = {
         isa = "PBXBuildFile";
         fileRef = "OBJ_54";
      };
      "OBJ_206" = {
         isa = "PBXBuildFile";
         fileRef = "OBJ_55";
      };
      "OBJ_207" = {
         isa = "PBXBuildFile";
         fileRef = "OBJ_56";
      };
      "OBJ_208" = {
         isa = "PBXBuildFile";
         fileRef = "OBJ_57";
      };
      "OBJ_209" = {
         isa = "PBXBuildFile";
         fileRef = "OBJ_58";
      };
      "OBJ_21" = {
         isa = "PBXGroup";
         children = (
         );
         name = "Optics";
         path = ".build/checkouts/swift-prelude-82eb66ca/Sources/Optics";
         sourceTree = "SOURCE_ROOT";
      };
      "OBJ_210" = {
         isa = "PBXBuildFile";
         fileRef = "OBJ_59";
      };
      "OBJ_211" = {
         isa = "PBXBuildFile";
         fileRef = "OBJ_60";
      };
      "OBJ_212" = {
         isa = "PBXFrameworksBuildPhase";
         files = (
            "OBJ_213",
            "OBJ_214"
         );
      };
      "OBJ_213" = {
         isa = "PBXBuildFile";
         fileRef = "Tagged::Tagged::Product";
      };
      "OBJ_214" = {
         isa = "PBXBuildFile";
         fileRef = "NonEmpty::NonEmpty::Product";
      };
      "OBJ_215" = {
         isa = "PBXTargetDependency";
         target = "Tagged::Tagged";
      };
      "OBJ_216" = {
         isa = "PBXTargetDependency";
         target = "NonEmpty::NonEmpty";
      };
      "OBJ_218" = {
         isa = "XCConfigurationList";
         buildConfigurations = (
            "OBJ_219",
            "OBJ_220"
         );
         defaultConfigurationIsVisible = "0";
         defaultConfigurationName = "Release";
      };
      "OBJ_219" = {
         isa = "XCBuildConfiguration";
         buildSettings = {
            LD = "/usr/bin/true";
            OTHER_SWIFT_FLAGS = (
               "-swift-version",
               "4.2",
               "-I",
               "$(TOOLCHAIN_DIR)/usr/lib/swift/pm/4_2",
               "-target",
               "x86_64-apple-macosx10.10",
               "-sdk",
               "/Applications/Xcode.app/Contents/Developer/Platforms/MacOSX.platform/Developer/SDKs/MacOSX10.14.sdk"
            );
            SWIFT_VERSION = "4.2";
         };
         name = "Debug";
      };
      "OBJ_22" = {
         isa = "PBXGroup";
         children = (
            "OBJ_23",
            "OBJ_24",
            "OBJ_25",
            "OBJ_26",
            "OBJ_27",
            "OBJ_28",
            "OBJ_29",
            "OBJ_30",
            "OBJ_31",
            "OBJ_32",
            "OBJ_33",
            "OBJ_34",
            "OBJ_35",
            "OBJ_36",
            "OBJ_37",
            "OBJ_38",
            "OBJ_39",
            "OBJ_40",
            "OBJ_41",
            "OBJ_42",
            "OBJ_43",
            "OBJ_44",
            "OBJ_45",
            "OBJ_46",
            "OBJ_47",
            "OBJ_48",
            "OBJ_49",
            "OBJ_50",
            "OBJ_51",
            "OBJ_52",
            "OBJ_53",
            "OBJ_54",
            "OBJ_55",
            "OBJ_56",
            "OBJ_57",
            "OBJ_58",
            "OBJ_59",
            "OBJ_60"
         );
         name = "Prelude";
         path = ".build/checkouts/swift-prelude-82eb66ca/Sources/Prelude";
         sourceTree = "SOURCE_ROOT";
      };
      "OBJ_220" = {
         isa = "XCBuildConfiguration";
         buildSettings = {
            LD = "/usr/bin/true";
            OTHER_SWIFT_FLAGS = (
               "-swift-version",
               "4.2",
               "-I",
               "$(TOOLCHAIN_DIR)/usr/lib/swift/pm/4_2",
               "-target",
               "x86_64-apple-macosx10.10",
               "-sdk",
               "/Applications/Xcode.app/Contents/Developer/Platforms/MacOSX.platform/Developer/SDKs/MacOSX10.14.sdk"
            );
            SWIFT_VERSION = "4.2";
         };
         name = "Release";
      };
      "OBJ_221" = {
         isa = "PBXSourcesBuildPhase";
         files = (
            "OBJ_222"
         );
      };
      "OBJ_222" = {
         isa = "PBXBuildFile";
         fileRef = "OBJ_67";
      };
      "OBJ_223" = {
         isa = "XCConfigurationList";
         buildConfigurations = (
            "OBJ_224",
            "OBJ_225"
         );
         defaultConfigurationIsVisible = "0";
         defaultConfigurationName = "Release";
      };
      "OBJ_224" = {
         isa = "XCBuildConfiguration";
         buildSettings = {
            ENABLE_TESTABILITY = "YES";
            FRAMEWORK_SEARCH_PATHS = (
               "$(inherited)",
               "$(PLATFORM_DIR)/Developer/Library/Frameworks"
            );
            HEADER_SEARCH_PATHS = (
               "$(inherited)"
            );
            INFOPLIST_FILE = "Interplate.xcodeproj/Tagged_Info.plist";
            IPHONEOS_DEPLOYMENT_TARGET = "8.0";
            LD_RUNPATH_SEARCH_PATHS = (
               "$(inherited)",
               "$(TOOLCHAIN_DIR)/usr/lib/swift/macosx"
            );
            MACOSX_DEPLOYMENT_TARGET = "10.10";
            OTHER_CFLAGS = (
               "$(inherited)"
            );
            OTHER_LDFLAGS = (
               "$(inherited)"
            );
            OTHER_SWIFT_FLAGS = (
               "$(inherited)"
            );
            PRODUCT_BUNDLE_IDENTIFIER = "Tagged";
            PRODUCT_MODULE_NAME = "$(TARGET_NAME:c99extidentifier)";
            PRODUCT_NAME = "$(TARGET_NAME:c99extidentifier)";
            SKIP_INSTALL = "YES";
            SWIFT_ACTIVE_COMPILATION_CONDITIONS = (
               "$(inherited)"
            );
            SWIFT_VERSION = "4.0";
            TARGET_NAME = "Tagged";
            TVOS_DEPLOYMENT_TARGET = "9.0";
            WATCHOS_DEPLOYMENT_TARGET = "2.0";
         };
         name = "Debug";
      };
      "OBJ_225" = {
         isa = "XCBuildConfiguration";
         buildSettings = {
            ENABLE_TESTABILITY = "YES";
            FRAMEWORK_SEARCH_PATHS = (
               "$(inherited)",
               "$(PLATFORM_DIR)/Developer/Library/Frameworks"
            );
            HEADER_SEARCH_PATHS = (
               "$(inherited)"
            );
            INFOPLIST_FILE = "Interplate.xcodeproj/Tagged_Info.plist";
            IPHONEOS_DEPLOYMENT_TARGET = "8.0";
            LD_RUNPATH_SEARCH_PATHS = (
               "$(inherited)",
               "$(TOOLCHAIN_DIR)/usr/lib/swift/macosx"
            );
            MACOSX_DEPLOYMENT_TARGET = "10.10";
            OTHER_CFLAGS = (
               "$(inherited)"
            );
            OTHER_LDFLAGS = (
               "$(inherited)"
            );
            OTHER_SWIFT_FLAGS = (
               "$(inherited)"
            );
            PRODUCT_BUNDLE_IDENTIFIER = "Tagged";
            PRODUCT_MODULE_NAME = "$(TARGET_NAME:c99extidentifier)";
            PRODUCT_NAME = "$(TARGET_NAME:c99extidentifier)";
            SKIP_INSTALL = "YES";
            SWIFT_ACTIVE_COMPILATION_CONDITIONS = (
               "$(inherited)"
            );
            SWIFT_VERSION = "4.0";
            TARGET_NAME = "Tagged";
            TVOS_DEPLOYMENT_TARGET = "9.0";
            WATCHOS_DEPLOYMENT_TARGET = "2.0";
         };
         name = "Release";
      };
      "OBJ_226" = {
         isa = "PBXSourcesBuildPhase";
         files = (
            "OBJ_227"
         );
      };
      "OBJ_227" = {
         isa = "PBXBuildFile";
         fileRef = "OBJ_70";
      };
      "OBJ_228" = {
         isa = "PBXFrameworksBuildPhase";
         files = (
         );
      };
      "OBJ_23" = {
         isa = "PBXFileReference";
         path = "Alt.swift";
         sourceTree = "<group>";
      };
      "OBJ_230" = {
         isa = "XCConfigurationList";
         buildConfigurations = (
            "OBJ_231",
            "OBJ_232"
         );
         defaultConfigurationIsVisible = "0";
         defaultConfigurationName = "Release";
      };
      "OBJ_231" = {
         isa = "XCBuildConfiguration";
         buildSettings = {
            LD = "/usr/bin/true";
            OTHER_SWIFT_FLAGS = (
               "-swift-version",
               "4",
               "-I",
               "$(TOOLCHAIN_DIR)/usr/lib/swift/pm/4",
               "-target",
               "x86_64-apple-macosx10.10",
               "-sdk",
               "/Applications/Xcode.app/Contents/Developer/Platforms/MacOSX.platform/Developer/SDKs/MacOSX10.14.sdk"
            );
            SWIFT_VERSION = "4.0";
         };
         name = "Debug";
      };
      "OBJ_232" = {
         isa = "XCBuildConfiguration";
         buildSettings = {
            LD = "/usr/bin/true";
            OTHER_SWIFT_FLAGS = (
               "-swift-version",
               "4",
               "-I",
               "$(TOOLCHAIN_DIR)/usr/lib/swift/pm/4",
               "-target",
               "x86_64-apple-macosx10.10",
               "-sdk",
               "/Applications/Xcode.app/Contents/Developer/Platforms/MacOSX.platform/Developer/SDKs/MacOSX10.14.sdk"
            );
            SWIFT_VERSION = "4.0";
         };
         name = "Release";
      };
      "OBJ_233" = {
         isa = "PBXSourcesBuildPhase";
         files = (
            "OBJ_234"
         );
      };
      "OBJ_234" = {
         isa = "PBXBuildFile";
         fileRef = "OBJ_71";
      };
      "OBJ_24" = {
         isa = "PBXFileReference";
         path = "Array.swift";
         sourceTree = "<group>";
      };
      "OBJ_25" = {
         isa = "PBXFileReference";
         path = "Collection.swift";
         sourceTree = "<group>";
      };
      "OBJ_26" = {
         isa = "PBXFileReference";
         path = "CommutativeRing.swift";
         sourceTree = "<group>";
      };
      "OBJ_27" = {
         isa = "PBXFileReference";
         path = "Comparable.swift";
         sourceTree = "<group>";
      };
      "OBJ_28" = {
         isa = "PBXFileReference";
         path = "Comparator.swift";
         sourceTree = "<group>";
      };
      "OBJ_29" = {
         isa = "PBXFileReference";
         path = "Curry.swift";
         sourceTree = "<group>";
      };
      "OBJ_3" = {
         isa = "XCBuildConfiguration";
         buildSettings = {
            CLANG_ENABLE_OBJC_ARC = "YES";
            COMBINE_HIDPI_IMAGES = "YES";
            COPY_PHASE_STRIP = "NO";
            DEBUG_INFORMATION_FORMAT = "dwarf";
            DYLIB_INSTALL_NAME_BASE = "@rpath";
            ENABLE_NS_ASSERTIONS = "YES";
            GCC_OPTIMIZATION_LEVEL = "0";
            GCC_PREPROCESSOR_DEFINITIONS = (
               "$(inherited)",
               "SWIFT_PACKAGE=1",
               "DEBUG=1"
            );
            ONLY_ACTIVE_ARCH = "YES";
            OTHER_SWIFT_FLAGS = (
               "-DXcode"
            );
            PRODUCT_NAME = "$(TARGET_NAME)";
            SDKROOT = "macosx";
            SUPPORTED_PLATFORMS = (
               "macosx",
               "iphoneos",
               "iphonesimulator",
               "appletvos",
               "appletvsimulator",
               "watchos",
               "watchsimulator"
            );
            SWIFT_ACTIVE_COMPILATION_CONDITIONS = (
               "$(inherited)",
               "SWIFT_PACKAGE",
               "DEBUG"
            );
            SWIFT_OPTIMIZATION_LEVEL = "-Onone";
            USE_HEADERMAP = "NO";
         };
         name = "Debug";
      };
      "OBJ_30" = {
         isa = "PBXFileReference";
         path = "Endo.swift";
         sourceTree = "<group>";
      };
      "OBJ_31" = {
         isa = "PBXFileReference";
         path = "Equatable.swift";
         sourceTree = "<group>";
      };
      "OBJ_32" = {
         isa = "PBXFileReference";
         path = "EuclideanRing.swift";
         sourceTree = "<group>";
      };
      "OBJ_33" = {
         isa = "PBXFileReference";
         path = "Field.swift";
         sourceTree = "<group>";
      };
      "OBJ_34" = {
         isa = "PBXFileReference";
         path = "Filterable.swift";
         sourceTree = "<group>";
      };
      "OBJ_35" = {
         isa = "PBXFileReference";
         path = "FreeNearSemiring.swift";
         sourceTree = "<group>";
      };
      "OBJ_36" = {
         isa = "PBXFileReference";
         path = "Func.swift";
         sourceTree = "<group>";
      };
      "OBJ_37" = {
         isa = "PBXFileReference";
         path = "Function.swift";
         sourceTree = "<group>";
      };
      "OBJ_38" = {
         isa = "PBXFileReference";
         path = "HeytingAlgebra.swift";
         sourceTree = "<group>";
      };
      "OBJ_39" = {
         isa = "PBXFileReference";
         path = "Hole.swift";
         sourceTree = "<group>";
      };
      "OBJ_4" = {
         isa = "XCBuildConfiguration";
         buildSettings = {
            CLANG_ENABLE_OBJC_ARC = "YES";
            COMBINE_HIDPI_IMAGES = "YES";
            COPY_PHASE_STRIP = "YES";
            DEBUG_INFORMATION_FORMAT = "dwarf-with-dsym";
            DYLIB_INSTALL_NAME_BASE = "@rpath";
            GCC_OPTIMIZATION_LEVEL = "s";
            GCC_PREPROCESSOR_DEFINITIONS = (
               "$(inherited)",
               "SWIFT_PACKAGE=1"
            );
            OTHER_SWIFT_FLAGS = (
               "-DXcode"
            );
            PRODUCT_NAME = "$(TARGET_NAME)";
            SDKROOT = "macosx";
            SUPPORTED_PLATFORMS = (
               "macosx",
               "iphoneos",
               "iphonesimulator",
               "appletvos",
               "appletvsimulator",
               "watchos",
               "watchsimulator"
            );
            SWIFT_ACTIVE_COMPILATION_CONDITIONS = (
               "$(inherited)",
               "SWIFT_PACKAGE"
            );
            SWIFT_OPTIMIZATION_LEVEL = "-Owholemodule";
            USE_HEADERMAP = "NO";
         };
         name = "Release";
      };
      "OBJ_40" = {
         isa = "PBXFileReference";
         path = "IO.swift";
         sourceTree = "<group>";
      };
      "OBJ_41" = {
         isa = "PBXFileReference";
         path = "KeyPath.swift";
         sourceTree = "<group>";
      };
      "OBJ_42" = {
         isa = "PBXFileReference";
         path = "Monoid.swift";
         sourceTree = "<group>";
      };
      "OBJ_43" = {
         isa = "PBXFileReference";
         path = "NearSemiring.swift";
         sourceTree = "<group>";
      };
      "OBJ_44" = {
         isa = "PBXFileReference";
         path = "Never.swift";
         sourceTree = "<group>";
      };
      "OBJ_45" = {
         isa = "PBXFileReference";
         path = "NonEmpty.swift";
         sourceTree = "<group>";
      };
      "OBJ_46" = {
         isa = "PBXFileReference";
         path = "Operators.swift";
         sourceTree = "<group>";
      };
      "OBJ_47" = {
         isa = "PBXFileReference";
         path = "Optional.swift";
         sourceTree = "<group>";
      };
      "OBJ_48" = {
         isa = "PBXFileReference";
         path = "Parallel.swift";
         sourceTree = "<group>";
      };
      "OBJ_49" = {
         isa = "PBXFileReference";
         path = "Plus.swift";
         sourceTree = "<group>";
      };
      "OBJ_5" = {
         isa = "PBXGroup";
         children = (
            "OBJ_6",
            "OBJ_7",
            "OBJ_13",
            "OBJ_17",
            "OBJ_90",
            "OBJ_96",
            "OBJ_97"
         );
         path = "";
         sourceTree = "<group>";
      };
      "OBJ_50" = {
         isa = "PBXFileReference";
         path = "PrecedenceGroups.swift";
         sourceTree = "<group>";
      };
      "OBJ_51" = {
         isa = "PBXFileReference";
         path = "Ring.swift";
         sourceTree = "<group>";
      };
      "OBJ_52" = {
         isa = "PBXFileReference";
         path = "Semigroup.swift";
         sourceTree = "<group>";
      };
      "OBJ_53" = {
         isa = "PBXFileReference";
         path = "Semiring.swift";
         sourceTree = "<group>";
      };
      "OBJ_54" = {
         isa = "PBXFileReference";
         path = "Sequence.swift";
         sourceTree = "<group>";
      };
      "OBJ_55" = {
         isa = "PBXFileReference";
         path = "Set.swift";
         sourceTree = "<group>";
      };
      "OBJ_56" = {
         isa = "PBXFileReference";
         path = "String.swift";
         sourceTree = "<group>";
      };
      "OBJ_57" = {
         isa = "PBXFileReference";
         path = "Strong.swift";
         sourceTree = "<group>";
      };
      "OBJ_58" = {
         isa = "PBXFileReference";
         path = "Tagged.swift";
         sourceTree = "<group>";
      };
      "OBJ_59" = {
         isa = "PBXFileReference";
         path = "Tuple.swift";
         sourceTree = "<group>";
      };
      "OBJ_6" = {
         isa = "PBXFileReference";
         explicitFileType = "sourcecode.swift";
         path = "Package.swift";
         sourceTree = "<group>";
      };
      "OBJ_60" = {
         isa = "PBXFileReference";
         path = "Unit.swift";
         sourceTree = "<group>";
      };
      "OBJ_61" = {
         isa = "PBXGroup";
         children = (
         );
         name = "Reader";
         path = ".build/checkouts/swift-prelude-82eb66ca/Sources/Reader";
         sourceTree = "SOURCE_ROOT";
      };
      "OBJ_62" = {
         isa = "PBXGroup";
         children = (
         );
         name = "State";
         path = ".build/checkouts/swift-prelude-82eb66ca/Sources/State";
         sourceTree = "SOURCE_ROOT";
      };
      "OBJ_63" = {
         isa = "PBXGroup";
         children = (
         );
         name = "Tuple";
         path = ".build/checkouts/swift-prelude-82eb66ca/Sources/Tuple";
         sourceTree = "SOURCE_ROOT";
      };
      "OBJ_64" = {
         isa = "PBXGroup";
         children = (
         );
         name = "ValidationNearSemiring";
         path = ".build/checkouts/swift-prelude-82eb66ca/Sources/ValidationNearSemiring";
         sourceTree = "SOURCE_ROOT";
      };
      "OBJ_65" = {
         isa = "PBXGroup";
         children = (
         );
         name = "ValidationSemigroup";
         path = ".build/checkouts/swift-prelude-82eb66ca/Sources/ValidationSemigroup";
         sourceTree = "SOURCE_ROOT";
      };
      "OBJ_66" = {
         isa = "PBXGroup";
         children = (
         );
         name = "Writer";
         path = ".build/checkouts/swift-prelude-82eb66ca/Sources/Writer";
         sourceTree = "SOURCE_ROOT";
      };
      "OBJ_67" = {
         isa = "PBXFileReference";
         explicitFileType = "sourcecode.swift";
         name = "Package.swift";
         path = "/Users/ilya.puchka/dev/Interplate/.build/checkouts/swift-prelude-82eb66ca/Package.swift";
         sourceTree = "<group>";
      };
      "OBJ_68" = {
         isa = "PBXGroup";
         children = (
            "OBJ_69",
            "OBJ_71"
         );
         name = "Tagged 0.2.0";
         path = "";
         sourceTree = "SOURCE_ROOT";
      };
      "OBJ_69" = {
         isa = "PBXGroup";
         children = (
            "OBJ_70"
         );
         name = "Tagged";
         path = ".build/checkouts/swift-tagged-1efaa310/Sources/Tagged";
         sourceTree = "SOURCE_ROOT";
      };
      "OBJ_7" = {
         isa = "PBXGroup";
         children = (
            "OBJ_8"
         );
         name = "Sources";
         path = "";
         sourceTree = "SOURCE_ROOT";
      };
      "OBJ_70" = {
         isa = "PBXFileReference";
         path = "Tagged.swift";
         sourceTree = "<group>";
      };
      "OBJ_71" = {
         isa = "PBXFileReference";
         explicitFileType = "sourcecode.swift";
         name = "Package.swift";
         path = "/Users/ilya.puchka/dev/Interplate/.build/checkouts/swift-tagged-1efaa310/Package.swift";
         sourceTree = "<group>";
      };
      "OBJ_72" = {
         isa = "PBXGroup";
         children = (
            "OBJ_73",
            "OBJ_89"
         );
         name = "NonEmpty 0.1.2";
         path = "";
         sourceTree = "SOURCE_ROOT";
      };
      "OBJ_73" = {
         isa = "PBXGroup";
         children = (
            "OBJ_74",
            "OBJ_75",
            "OBJ_76",
            "OBJ_77",
            "OBJ_78",
            "OBJ_79",
            "OBJ_80",
            "OBJ_81",
            "OBJ_82",
            "OBJ_83",
            "OBJ_84",
            "OBJ_85",
            "OBJ_86",
            "OBJ_87",
            "OBJ_88"
         );
         name = "NonEmpty";
         path = ".build/checkouts/swift-nonempty-de4de234/Sources/NonEmpty";
         sourceTree = "SOURCE_ROOT";
      };
      "OBJ_74" = {
         isa = "PBXFileReference";
         path = "NonEmpty+Array.swift";
         sourceTree = "<group>";
      };
      "OBJ_75" = {
         isa = "PBXFileReference";
         path = "NonEmpty+BidirectionalCollection.swift";
         sourceTree = "<group>";
      };
      "OBJ_76" = {
         isa = "PBXFileReference";
         path = "NonEmpty+Codable.swift";
         sourceTree = "<group>";
      };
      "OBJ_77" = {
         isa = "PBXFileReference";
         path = "NonEmpty+Collection.swift";
         sourceTree = "<group>";
      };
      "OBJ_78" = {
         isa = "PBXFileReference";
         path = "NonEmpty+Comparable.swift";
         sourceTree = "<group>";
      };
      "OBJ_79" = {
         isa = "PBXFileReference";
         path = "NonEmpty+Dictionary.swift";
         sourceTree = "<group>";
      };
      "OBJ_8" = {
         isa = "PBXGroup";
         children = (
            "OBJ_9",
            "OBJ_10",
            "OBJ_11",
            "OBJ_12"
         );
         name = "Interplate";
         path = "Sources/Interplate";
         sourceTree = "SOURCE_ROOT";
      };
      "OBJ_80" = {
         isa = "PBXFileReference";
         path = "NonEmpty+Equatable.swift";
         sourceTree = "<group>";
      };
      "OBJ_81" = {
         isa = "PBXFileReference";
         path = "NonEmpty+Hashable.swift";
         sourceTree = "<group>";
      };
      "OBJ_82" = {
         isa = "PBXFileReference";
         path = "NonEmpty+MutableCollection.swift";
         sourceTree = "<group>";
      };
      "OBJ_83" = {
         isa = "PBXFileReference";
         path = "NonEmpty+Random.swift";
         sourceTree = "<group>";
      };
      "OBJ_84" = {
         isa = "PBXFileReference";
         path = "NonEmpty+RandomAccessCollection.swift";
         sourceTree = "<group>";
      };
      "OBJ_85" = {
         isa = "PBXFileReference";
         path = "NonEmpty+RangeReplaceableCollection.swift";
         sourceTree = "<group>";
      };
      "OBJ_86" = {
         isa = "PBXFileReference";
         path = "NonEmpty+SetAlgebra.swift";
         sourceTree = "<group>";
      };
      "OBJ_87" = {
         isa = "PBXFileReference";
         path = "NonEmpty+String.swift";
         sourceTree = "<group>";
      };
      "OBJ_88" = {
         isa = "PBXFileReference";
         path = "NonEmpty.swift";
         sourceTree = "<group>";
      };
      "OBJ_89" = {
         isa = "PBXFileReference";
         explicitFileType = "sourcecode.swift";
         name = "Package.swift";
         path = "/Users/ilya.puchka/dev/Interplate/.build/checkouts/swift-nonempty-de4de234/Package.swift";
         sourceTree = "<group>";
      };
      "OBJ_9" = {
         isa = "PBXFileReference";
         path = "Format.swift";
         sourceTree = "<group>";
      };
      "OBJ_90" = {
         isa = "PBXGroup";
         children = (
            "NonEmpty::NonEmpty::Product",
            "Interplate::InterplateTests::Product",
            "Prelude::Prelude::Product",
            "Interplate::Interplate::Product",
            "Tagged::Tagged::Product"
         );
         name = "Products";
         path = "";
         sourceTree = "BUILT_PRODUCTS_DIR";
      };
      "OBJ_96" = {
         isa = "PBXFileReference";
         path = "LICENSE";
         sourceTree = "<group>";
      };
      "OBJ_97" = {
         isa = "PBXFileReference";
         path = "README.md";
         sourceTree = "<group>";
      };
      "OBJ_99" = {
         isa = "XCConfigurationList";
         buildConfigurations = (
            "OBJ_100",
            "OBJ_101"
         );
         defaultConfigurationIsVisible = "0";
         defaultConfigurationName = "Release";
      };
      "Prelude::Prelude" = {
         isa = "PBXNativeTarget";
         buildConfigurationList = "OBJ_170";
         buildPhases = (
            "OBJ_173",
            "OBJ_212"
         );
         dependencies = (
            "OBJ_215",
            "OBJ_216"
         );
         name = "Prelude";
         productName = "Prelude";
         productReference = "Prelude::Prelude::Product";
         productType = "com.apple.product-type.framework";
      };
      "Prelude::Prelude::Product" = {
         isa = "PBXFileReference";
         path = "Prelude.framework";
         sourceTree = "BUILT_PRODUCTS_DIR";
      };
      "Prelude::SwiftPMPackageDescription" = {
         isa = "PBXNativeTarget";
         buildConfigurationList = "OBJ_218";
         buildPhases = (
            "OBJ_221"
         );
         dependencies = (
         );
         name = "PreludePackageDescription";
         productName = "PreludePackageDescription";
         productType = "com.apple.product-type.framework";
      };
      "Tagged::SwiftPMPackageDescription" = {
         isa = "PBXNativeTarget";
         buildConfigurationList = "OBJ_230";
         buildPhases = (
            "OBJ_233"
         );
         dependencies = (
         );
         name = "TaggedPackageDescription";
         productName = "TaggedPackageDescription";
         productType = "com.apple.product-type.framework";
      };
      "Tagged::Tagged" = {
         isa = "PBXNativeTarget";
         buildConfigurationList = "OBJ_223";
         buildPhases = (
            "OBJ_226",
            "OBJ_228"
         );
         dependencies = (
         );
         name = "Tagged";
         productName = "Tagged";
         productReference = "Tagged::Tagged::Product";
         productType = "com.apple.product-type.framework";
      };
      "Tagged::Tagged::Product" = {
         isa = "PBXFileReference";
         path = "Tagged.framework";
         sourceTree = "BUILT_PRODUCTS_DIR";
      };
   };
   rootObject = "OBJ_1";
}
